{
  "version": 2,
  "dependencies": {
    "net10.0": {
      "Microsoft.CodeAnalysis.BannedApiAnalyzers": {
        "type": "Direct",
        "requested": "[3.*, )",
        "resolved": "3.3.4",
        "contentHash": "0k2Jwpc8eq0hjOtX6TxRkHm9clkJ2PAQ3heEHgqIJZcsfdFosC/iyz18nsgTVDDWpID80rC7aiYK7ripx+Qndg=="
      },
      "granit": {
        "type": "Project"
      },
      "granit.analytics": {
        "type": "Project",
        "dependencies": {
          "Granit": "[0.1.0-dev, )",
          "Granit.Analytics.Abstractions": "[0.1.0-dev, )",
          "Granit.Dashboards": "[0.1.0-dev, )",
          "Granit.QueryEngine.Abstractions": "[0.1.0-dev, )",
          "Granit.Timing": "[0.1.0-dev, )"
        }
      },
      "granit.analytics.abstractions": {
        "type": "Project",
        "dependencies": {
          "Granit": "[0.1.0-dev, )"
        }
      },
      "granit.authorization": {
        "type": "Project",
        "dependencies": {
          "Granit.Caching": "[0.1.0-dev, )",
          "Granit.DataExchange.Abstractions": "[0.1.0-dev, )",
          "Granit.Entities.Abstractions": "[0.1.0-dev, )",
          "Granit.QueryEngine.Abstractions": "[0.1.0-dev, )"
        }
      },
      "granit.blobstorage": {
        "type": "Project",
        "dependencies": {
          "Granit": "[0.1.0-dev, )",
          "Granit.Analytics": "[0.1.0-dev, )",
          "Granit.DataExchange.Abstractions": "[0.1.0-dev, )",
          "Granit.Guids": "[0.1.0-dev, )",
          "Granit.QueryEngine.Abstractions": "[0.1.0-dev, )"
        }
      },
      "granit.caching": {
        "type": "Project",
        "dependencies": {
          "Granit": "[0.1.0-dev, )",
          "Granit.Timing": "[0.1.0-dev, )",
          "OpenTelemetry.Api": "[1.15.*, )",
          "ZiggyCreatures.FusionCache": "[2.*, )",
          "ZiggyCreatures.FusionCache.OpenTelemetry": "[2.*, )",
          "ZiggyCreatures.FusionCache.Serialization.SystemTextJson": "[2.*, )"
        }
      },
      "granit.dashboards": {
        "type": "Project",
        "dependencies": {
          "Granit": "[0.1.0-dev, )",
          "Granit.Analytics.Abstractions": "[0.1.0-dev, )",
          "Granit.Authorization": "[0.1.0-dev, )",
          "Granit.Dashboards.Abstractions": "[0.1.0-dev, )",
          "Granit.Timing": "[0.1.0-dev, )"
        }
      },
      "granit.dashboards.abstractions": {
        "type": "Project",
        "dependencies": {
          "Granit": "[0.1.0-dev, )",
          "Granit.Analytics.Abstractions": "[0.1.0-dev, )",
          "Granit.QueryEngine.Abstractions": "[0.1.0-dev, )"
        }
      },
      "granit.dataexchange.abstractions": {
        "type": "Project",
        "dependencies": {
          "Granit": "[0.1.0-dev, )"
        }
      },
      "granit.datalookup.abstractions": {
        "type": "Project",
        "dependencies": {
          "Granit": "[0.1.0-dev, )"
        }
      },
      "granit.encryption": {
        "type": "Project",
        "dependencies": {
          "Granit": "[0.1.0-dev, )"
        }
      },
      "granit.entities.abstractions": {
        "type": "Project",
        "dependencies": {
          "Granit": "[0.1.0-dev, )",
          "Granit.Analytics.Abstractions": "[0.1.0-dev, )",
          "Granit.Dashboards.Abstractions": "[0.1.0-dev, )",
          "Granit.DataExchange.Abstractions": "[0.1.0-dev, )",
          "Granit.QueryEngine.Abstractions": "[0.1.0-dev, )",
          "Granit.Workflow.Abstractions": "[0.1.0-dev, )"
        }
      },
      "granit.events": {
        "type": "Project",
        "dependencies": {
          "Granit": "[0.1.0-dev, )"
        }
      },
      "granit.guids": {
        "type": "Project",
        "dependencies": {
          "Granit.Timing": "[0.1.0-dev, )"
        }
      },
      "granit.privacy": {
        "type": "Project",
        "dependencies": {
          "Granit": "[0.1.0-dev, )",
          "Granit.Settings": "[0.1.0-dev, )",
          "Granit.Workflow": "[0.1.0-dev, )"
        }
      },
      "granit.queryengine.abstractions": {
        "type": "Project",
        "dependencies": {
          "Granit": "[0.1.0-dev, )",
          "Granit.DataLookup.Abstractions": "[0.1.0-dev, )"
        }
      },
      "granit.settings": {
        "type": "Project",
        "dependencies": {
          "Granit.Caching": "[0.1.0-dev, )",
          "Granit.DataExchange.Abstractions": "[0.1.0-dev, )",
          "Granit.Encryption": "[0.1.0-dev, )",
          "Granit.Events": "[0.1.0-dev, )",
          "Granit.QueryEngine.Abstractions": "[0.1.0-dev, )"
        }
      },
      "granit.timing": {
        "type": "Project",
        "dependencies": {
          "Granit": "[0.1.0-dev, )"
        }
      },
      "granit.workflow": {
        "type": "Project",
        "dependencies": {
          "Granit.DataExchange.Abstractions": "[0.1.0-dev, )",
          "Granit.QueryEngine.Abstractions": "[0.1.0-dev, )",
          "Granit.Timing": "[0.1.0-dev, )",
          "Granit.Workflow.Abstractions": "[0.1.0-dev, )"
        }
      },
      "granit.workflow.abstractions": {
        "type": "Project",
        "dependencies": {
          "Granit": "[0.1.0-dev, )"
        }
      },
      "OpenTelemetry.Api": {
        "type": "CentralTransitive",
        "requested": "[1.15.*, )",
        "resolved": "1.15.3",
        "contentHash": "fX+fkCysfPut+qCcT3bKqyX4QN9Saf4CgX8HLOHywEVD+Xr7sULtfuypITpoDysjx8R59dn/3mWhgimMH8cm/g=="
      },
      "ZiggyCreatures.FusionCache": {
        "type": "CentralTransitive",
        "requested": "[2.*, )",
        "resolved": "2.6.0",
        "contentHash": "BCe+/SkwQZfaMpq2ZGDZB2pyx6BdGnP+zxqjMM/5K+4PBuH6hljZeIqH4KVzQ26khSbPsQ7IiYZl0Fve4OZOog=="
      },
      "ZiggyCreatures.FusionCache.OpenTelemetry": {
        "type": "CentralTransitive",
        "requested": "[2.*, )",
        "resolved": "2.6.0",
        "contentHash": "q917DogvL6Y9GamCLz6n/diC56sWUI3rvIuoZsqW7fyw7toWjcVDtSs/5mN8Weafbaj86RQSV5Q5Ysrm1ueJKQ==",
        "dependencies": {
          "OpenTelemetry.Api": "1.14.0",
          "ZiggyCreatures.FusionCache": "2.6.0"
        }
      },
      "ZiggyCreatures.FusionCache.Serialization.SystemTextJson": {
        "type": "CentralTransitive",
        "requested": "[2.*, )",
        "resolved": "2.6.0",
        "contentHash": "A00mNC7xrkC8LUAQMkeB3OtVTfGzyTyHxTgAOwfqaFdazO/54d3fT8LFoekpgSslkvDjKAIPlyafqsFBPLgQIw==",
        "dependencies": {
          "ZiggyCreatures.FusionCache": "2.6.0"
        }
      }
    }
  }
}