<Solution>
  <Configurations>
    <Platform Name="Any CPU" />
    <Platform Name="x64" />
    <Platform Name="x86" />
  </Configurations>
  <Folder Name="/src/Platform/">
    <Project Path="src/Granit.Diagnostics.Endpoints/Granit.Diagnostics.Endpoints.csproj" />
    <Project Path="src/Granit.Diagnostics/Granit.Diagnostics.csproj" />
    <Project Path="src/Granit.Guids/Granit.Guids.csproj" />
    <Project Path="src/Granit.Http.Abstractions/Granit.Http.Abstractions.csproj" />
    <Project Path="src/Granit.Http.ApiDocumentation/Granit.Http.ApiDocumentation.csproj" />
    <Project Path="src/Granit.Http.ApiVersioning/Granit.Http.ApiVersioning.csproj" />
    <Project Path="src/Granit.Http.Bulkhead/Granit.Http.Bulkhead.csproj" />
    <Project Path="src/Granit.Http.Cors/Granit.Http.Cors.csproj" />
    <Project Path="src/Granit.Http.ExceptionHandling/Granit.Http.ExceptionHandling.csproj" />
    <Project Path="src/Granit.Http.Idempotency/Granit.Http.Idempotency.csproj" />
    <Project Path="src/Granit.Http.ODataExposure/Granit.Http.ODataExposure.csproj" />
    <Project Path="src/Granit.Http.OutputCaching.StackExchangeRedis/Granit.Http.OutputCaching.StackExchangeRedis.csproj" />
    <Project Path="src/Granit.Http.OutputCaching/Granit.Http.OutputCaching.csproj" />
    <Project Path="src/Granit.Http.Resilience/Granit.Http.Resilience.csproj" />
    <Project Path="src/Granit.Http.ResponseCompression/Granit.Http.ResponseCompression.csproj" />
    <Project Path="src/Granit.Http.SecurityHeaders/Granit.Http.SecurityHeaders.csproj" />
    <Project Path="src/Granit.Mcp.Client/Granit.Mcp.Client.csproj" />
    <Project Path="src/Granit.Mcp.Server/Granit.Mcp.Server.csproj" />
    <Project Path="src/Granit.Mcp/Granit.Mcp.csproj" />
    <Project Path="src/Granit.Mergeable.BackgroundJobs/Granit.Mergeable.BackgroundJobs.csproj" />
    <Project Path="src/Granit.Mergeable.EntityFrameworkCore/Granit.Mergeable.EntityFrameworkCore.csproj" />
    <Project Path="src/Granit.Mergeable/Granit.Mergeable.csproj" />
    <Project Path="src/Granit.MultiTenancy.Endpoints/Granit.MultiTenancy.Endpoints.csproj" />
    <Project Path="src/Granit.MultiTenancy.EntityFrameworkCore/Granit.MultiTenancy.EntityFrameworkCore.csproj" />
    <Project Path="src/Granit.MultiTenancy.Provisioning/Granit.MultiTenancy.Provisioning.csproj" />
    <Project Path="src/Granit.MultiTenancy/Granit.MultiTenancy.csproj" />
    <Project Path="src/Granit.Observability.AI/Granit.Observability.AI.csproj" />
    <Project Path="src/Granit.Observability/Granit.Observability.csproj" />
    <Project Path="src/Granit.Oidc.TokenManagement/Granit.Oidc.TokenManagement.csproj" />
    <Project Path="src/Granit.Oidc/Granit.Oidc.csproj" />
    <Project Path="src/Granit.RateLimiting/Granit.RateLimiting.csproj" />
    <Project Path="src/Granit.Timing/Granit.Timing.csproj" />
    <Project Path="src/Granit.Validation.AI/Granit.Validation.AI.csproj" />
    <Project Path="src/Granit.Validation.Endpoints/Granit.Validation.Endpoints.csproj" />
    <Project Path="src/Granit.Validation.Europe/Granit.Validation.Europe.csproj" />
    <Project Path="src/Granit.Validation.NorthAmerica/Granit.Validation.NorthAmerica.csproj" />
    <Project Path="src/Granit.Validation.UnitedKingdom/Granit.Validation.UnitedKingdom.csproj" />
    <Project Path="src/Granit.Validation/Granit.Validation.csproj" />
    <Project Path="src/Granit/Granit.csproj" />
  </Folder>
  <Folder Name="/src/Security/">
    <Project Path="src/Granit.Authentication/Granit.Authentication.csproj" />
    <Project Path="src/Granit.Authentication.ApiKeys.BackgroundJobs/Granit.Authentication.ApiKeys.BackgroundJobs.csproj" />
    <Project Path="src/Granit.Authentication.ApiKeys.Endpoints/Granit.Authentication.ApiKeys.Endpoints.csproj" />
    <Project Path="src/Granit.Authentication.ApiKeys.EntityFrameworkCore/Granit.Authentication.ApiKeys.EntityFrameworkCore.csproj" />
    <Project Path="src/Granit.Authentication.ApiKeys.Notifications/Granit.Authentication.ApiKeys.Notifications.csproj" />
    <Project Path="src/Granit.Authentication.ApiKeys/Granit.Authentication.ApiKeys.csproj" />
    <Project Path="src/Granit.Authentication.DPoP/Granit.Authentication.DPoP.csproj" />
    <Project Path="src/Granit.Authentication.JwtBearer.Cognito/Granit.Authentication.JwtBearer.Cognito.csproj" />
    <Project Path="src/Granit.Authentication.JwtBearer.EntraId/Granit.Authentication.JwtBearer.EntraId.csproj" />
    <Project Path="src/Granit.Authentication.JwtBearer.GoogleCloud/Granit.Authentication.JwtBearer.GoogleCloud.csproj" />
    <Project Path="src/Granit.Authentication.JwtBearer.Keycloak/Granit.Authentication.JwtBearer.Keycloak.csproj" />
    <Project Path="src/Granit.Authentication.JwtBearer/Granit.Authentication.JwtBearer.csproj" />
    <Project Path="src/Granit.Authentication.OpenIddict/Granit.Authentication.OpenIddict.csproj" />
    <Project Path="src/Granit.Authorization.AI/Granit.Authorization.AI.csproj" />
    <Project Path="src/Granit.Authorization.Endpoints/Granit.Authorization.Endpoints.csproj" />
    <Project Path="src/Granit.Authorization.EntityFrameworkCore/Granit.Authorization.EntityFrameworkCore.csproj" />
    <Project Path="src/Granit.Authorization/Granit.Authorization.csproj" />
    <Project Path="src/Granit.Bff.BackgroundJobs/Granit.Bff.BackgroundJobs.csproj" />
    <Project Path="src/Granit.Bff.Endpoints/Granit.Bff.Endpoints.csproj" />
    <Project Path="src/Granit.Bff.EntityFrameworkCore/Granit.Bff.EntityFrameworkCore.csproj" />
    <Project Path="src/Granit.Bff.Yarp/Granit.Bff.Yarp.csproj" />
    <Project Path="src/Granit.Bff/Granit.Bff.csproj" />
    <Project Path="src/Granit.Encryption.BackgroundJobs/Granit.Encryption.BackgroundJobs.csproj" />
    <Project Path="src/Granit.Encryption.EntityFrameworkCore/Granit.Encryption.EntityFrameworkCore.csproj" />
    <Project Path="src/Granit.Encryption/Granit.Encryption.csproj" />
    <Project Path="src/Granit.Identity.Endpoints/Granit.Identity.Endpoints.csproj" />
    <Project Path="src/Granit.Identity.EntityFrameworkCore/Granit.Identity.EntityFrameworkCore.csproj" />
    <Project Path="src/Granit.Identity.Federated.Cognito.BackgroundJobs/Granit.Identity.Federated.Cognito.BackgroundJobs.csproj" />
    <Project Path="src/Granit.Identity.Federated.Cognito/Granit.Identity.Federated.Cognito.csproj" />
    <Project Path="src/Granit.Identity.Federated.EntityFrameworkCore/Granit.Identity.Federated.EntityFrameworkCore.csproj" />
    <Project Path="src/Granit.Identity.Federated.EntraId.BackgroundJobs/Granit.Identity.Federated.EntraId.BackgroundJobs.csproj" />
    <Project Path="src/Granit.Identity.Federated.EntraId/Granit.Identity.Federated.EntraId.csproj" />
    <Project Path="src/Granit.Identity.Federated.GoogleCloud/Granit.Identity.Federated.GoogleCloud.csproj" />
    <Project Path="src/Granit.Identity.Federated.Keycloak.BackgroundJobs/Granit.Identity.Federated.Keycloak.BackgroundJobs.csproj" />
    <Project Path="src/Granit.Identity.Federated.Keycloak/Granit.Identity.Federated.Keycloak.csproj" />
    <Project Path="src/Granit.Identity.Federated.Notifications/Granit.Identity.Federated.Notifications.csproj" />
    <Project Path="src/Granit.Identity.Federated.Privacy/Granit.Identity.Federated.Privacy.csproj" />
    <Project Path="src/Granit.Identity.Federated/Granit.Identity.Federated.csproj" />
    <Project Path="src/Granit.Identity.Local.AspNetIdentity/Granit.Identity.Local.AspNetIdentity.csproj" />
    <Project Path="src/Granit.Identity.Local.Endpoints/Granit.Identity.Local.Endpoints.csproj" />
    <Project Path="src/Granit.Identity.Local.Privacy/Granit.Identity.Local.Privacy.csproj" />
    <Project Path="src/Granit.Identity.Local/Granit.Identity.Local.csproj" />
    <Project Path="src/Granit.Identity/Granit.Identity.csproj" />
    <Project Path="src/Granit.OpenIddict.BackgroundJobs/Granit.OpenIddict.BackgroundJobs.csproj" />
    <Project Path="src/Granit.OpenIddict.Endpoints/Granit.OpenIddict.Endpoints.csproj" />
    <Project Path="src/Granit.OpenIddict.EntityFrameworkCore/Granit.OpenIddict.EntityFrameworkCore.csproj" />
    <Project Path="src/Granit.OpenIddict.Server/Granit.OpenIddict.Server.csproj" />
    <Project Path="src/Granit.OpenIddict/Granit.OpenIddict.csproj" />
    <Project Path="src/Granit.Vault.Aws/Granit.Vault.Aws.csproj" />
    <Project Path="src/Granit.Vault.Azure/Granit.Vault.Azure.csproj" />
    <Project Path="src/Granit.Vault.GoogleCloud/Granit.Vault.GoogleCloud.csproj" />
    <Project Path="src/Granit.Vault.HashiCorp/Granit.Vault.HashiCorp.csproj" />
    <Project Path="src/Granit.Vault/Granit.Vault.csproj" />
  </Folder>
  <Folder Name="/src/Application/">
    <Project Path="src/Granit.Activities.Abstractions/Granit.Activities.Abstractions.csproj" />
    <Project Path="src/Granit.Activities.BackgroundJobs/Granit.Activities.BackgroundJobs.csproj" />
    <Project Path="src/Granit.Activities.Endpoints/Granit.Activities.Endpoints.csproj" />
    <Project Path="src/Granit.Activities.EntityFrameworkCore/Granit.Activities.EntityFrameworkCore.csproj" />
    <Project Path="src/Granit.Activities.Notifications/Granit.Activities.Notifications.csproj" />
    <Project Path="src/Granit.Activities/Granit.Activities.csproj" />
    <Project Path="src/Granit.Analytics.Abstractions/Granit.Analytics.Abstractions.csproj" />
    <Project Path="src/Granit.Analytics.Endpoints/Granit.Analytics.Endpoints.csproj" />
    <Project Path="src/Granit.Analytics.EntityFrameworkCore/Granit.Analytics.EntityFrameworkCore.csproj" />
    <Project Path="src/Granit.Analytics.PostGIS/Granit.Analytics.PostGIS.csproj" />
    <Project Path="src/Granit.Analytics/Granit.Analytics.csproj" />
    <Project Path="src/Granit.Dashboards.Abstractions/Granit.Dashboards.Abstractions.csproj" />
    <Project Path="src/Granit.Dashboards.Endpoints/Granit.Dashboards.Endpoints.csproj" />
    <Project Path="src/Granit.Dashboards.EntityFrameworkCore/Granit.Dashboards.EntityFrameworkCore.csproj" />
    <Project Path="src/Granit.Dashboards.Push/Granit.Dashboards.Push.csproj" />
    <Project Path="src/Granit.Dashboards.Push.WebSockets/Granit.Dashboards.Push.WebSockets.csproj" />
    <Project Path="src/Granit.Dashboards/Granit.Dashboards.csproj" />
    <Project Path="src/Granit.Entities.Abstractions/Granit.Entities.Abstractions.csproj" />
    <Project Path="src/Granit.Entities.Customization/Granit.Entities.Customization.csproj" />
    <Project Path="src/Granit.Entities.Customization.EntityFrameworkCore/Granit.Entities.Customization.EntityFrameworkCore.csproj" />
    <Project Path="src/Granit.Entities.Customization.Endpoints/Granit.Entities.Customization.Endpoints.csproj" />
    <Project Path="src/Granit.Entities.Endpoints/Granit.Entities.Endpoints.csproj" />
    <Project Path="src/Granit.Entities.EntityFrameworkCore/Granit.Entities.EntityFrameworkCore.csproj" />
    <Project Path="src/Granit.Entities.Views.Abstractions/Granit.Entities.Views.Abstractions.csproj" />
    <Project Path="src/Granit.Entities.Views.Endpoints/Granit.Entities.Views.Endpoints.csproj" />
    <Project Path="src/Granit.Entities.Views.EntityFrameworkCore/Granit.Entities.Views.EntityFrameworkCore.csproj" />
    <Project Path="src/Granit.Entities.Views/Granit.Entities.Views.csproj" />
    <Project Path="src/Granit.Entities/Granit.Entities.csproj" />
    <Project Path="src/Granit.Workspaces.Abstractions/Granit.Workspaces.Abstractions.csproj" />
    <Project Path="src/Granit.Workspaces.Endpoints/Granit.Workspaces.Endpoints.csproj" />
    <Project Path="src/Granit.Workspaces.Framework/Granit.Workspaces.Framework.csproj" />
    <Project Path="src/Granit.Workspaces/Granit.Workspaces.csproj" />
    <Project Path="src/Granit.DataExchange.Abstractions/Granit.DataExchange.Abstractions.csproj" />
    <Project Path="src/Granit.DataExchange.AI/Granit.DataExchange.AI.csproj" />
    <Project Path="src/Granit.DataExchange.BlobStorage/Granit.DataExchange.BlobStorage.csproj" />
    <Project Path="src/Granit.DataExchange.Csv/Granit.DataExchange.Csv.csproj" />
    <Project Path="src/Granit.DataExchange.Endpoints/Granit.DataExchange.Endpoints.csproj" />
    <Project Path="src/Granit.DataExchange.EntityFrameworkCore/Granit.DataExchange.EntityFrameworkCore.csproj" />
    <Project Path="src/Granit.DataExchange.Excel/Granit.DataExchange.Excel.csproj" />
    <Project Path="src/Granit.DataExchange/Granit.DataExchange.csproj" />
    <Project Path="src/Granit.DataLookup.Abstractions/Granit.DataLookup.Abstractions.csproj" />
    <Project Path="src/Granit.DataLookup.Endpoints/Granit.DataLookup.Endpoints.csproj" />
    <Project Path="src/Granit.DataLookup.EntityFrameworkCore/Granit.DataLookup.EntityFrameworkCore.csproj" />
    <Project Path="src/Granit.DataLookup/Granit.DataLookup.csproj" />
    <Project Path="src/Granit.DocumentGeneration.Excel/Granit.DocumentGeneration.Excel.csproj" />
    <Project Path="src/Granit.DocumentGeneration.Pdf/Granit.DocumentGeneration.Pdf.csproj" />
    <Project Path="src/Granit.DocumentGeneration/Granit.DocumentGeneration.csproj" />
    <Project Path="src/Granit.Documents.BackgroundJobs/Granit.Documents.BackgroundJobs.csproj" />
    <Project Path="src/Granit.Documents.Endpoints/Granit.Documents.Endpoints.csproj" />
    <Project Path="src/Granit.Documents.EntityFrameworkCore/Granit.Documents.EntityFrameworkCore.csproj" />
    <Project Path="src/Granit.Documents.Notifications/Granit.Documents.Notifications.csproj" />
    <Project Path="src/Granit.Documents/Granit.Documents.csproj" />
    <Project Path="src/Granit.Features.Endpoints/Granit.Features.Endpoints.csproj" />
    <Project Path="src/Granit.Features.EntityFrameworkCore/Granit.Features.EntityFrameworkCore.csproj" />
    <Project Path="src/Granit.Features/Granit.Features.csproj" />
    <Project Path="src/Granit.Localization.AI/Granit.Localization.AI.csproj" />
    <Project Path="src/Granit.Localization.Endpoints/Granit.Localization.Endpoints.csproj" />
    <Project Path="src/Granit.Localization.EntityFrameworkCore/Granit.Localization.EntityFrameworkCore.csproj" />
    <Project Path="src/Granit.Localization.SourceGenerator/Granit.Localization.SourceGenerator.csproj" />
    <Project Path="src/Granit.Localization/Granit.Localization.csproj" />
    <Project Path="src/Granit.QueryEngine.Abstractions/Granit.QueryEngine.Abstractions.csproj" />
    <Project Path="src/Granit.QueryEngine.AI/Granit.QueryEngine.AI.csproj" />
    <Project Path="src/Granit.QueryEngine.AspNetCore/Granit.QueryEngine.AspNetCore.csproj" />
    <Project Path="src/Granit.QueryEngine.EntityFrameworkCore/Granit.QueryEngine.EntityFrameworkCore.csproj" />
    <Project Path="src/Granit.QueryEngine/Granit.QueryEngine.csproj" />
    <Project Path="src/Granit.ReferenceData.Endpoints/Granit.ReferenceData.Endpoints.csproj" />
    <Project Path="src/Granit.ReferenceData.EntityFrameworkCore/Granit.ReferenceData.EntityFrameworkCore.csproj" />
    <Project Path="src/Granit.ReferenceData/Granit.ReferenceData.csproj" />
    <Project Path="src/Granit.Settings.Endpoints/Granit.Settings.Endpoints.csproj" />
    <Project Path="src/Granit.Settings.EntityFrameworkCore/Granit.Settings.EntityFrameworkCore.csproj" />
    <Project Path="src/Granit.Settings/Granit.Settings.csproj" />
    <Project Path="src/Granit.Templating.AI/Granit.Templating.AI.csproj" />
    <Project Path="src/Granit.Templating.Endpoints/Granit.Templating.Endpoints.csproj" />
    <Project Path="src/Granit.Templating.EntityFrameworkCore/Granit.Templating.EntityFrameworkCore.csproj" />
    <Project Path="src/Granit.Templating.Mjml/Granit.Templating.Mjml.csproj" />
    <Project Path="src/Granit.Templating.Scriban/Granit.Templating.Scriban.csproj" />
    <Project Path="src/Granit.Templating.Workflow/Granit.Templating.Workflow.csproj" />
    <Project Path="src/Granit.Templating/Granit.Templating.csproj" />
    <Project Path="src/Granit.Timeline.AI/Granit.Timeline.AI.csproj" />
    <Project Path="src/Granit.Timeline.Endpoints/Granit.Timeline.Endpoints.csproj" />
    <Project Path="src/Granit.Timeline.EntityFrameworkCore/Granit.Timeline.EntityFrameworkCore.csproj" />
    <Project Path="src/Granit.Timeline.Notifications/Granit.Timeline.Notifications.csproj" />
    <Project Path="src/Granit.Timeline/Granit.Timeline.csproj" />
    <Project Path="src/Granit.Workflow.AI/Granit.Workflow.AI.csproj" />
    <Project Path="src/Granit.Workflow.Abstractions/Granit.Workflow.Abstractions.csproj" />
    <Project Path="src/Granit.Workflow.Endpoints/Granit.Workflow.Endpoints.csproj" />
    <Project Path="src/Granit.Workflow.EntityFrameworkCore/Granit.Workflow.EntityFrameworkCore.csproj" />
    <Project Path="src/Granit.Workflow.Notifications/Granit.Workflow.Notifications.csproj" />
    <Project Path="src/Granit.Workflow/Granit.Workflow.csproj" />
  </Folder>
  <Folder Name="/src/Infrastructure/">
    <Project Path="src/Granit.BackgroundJobs.Endpoints/Granit.BackgroundJobs.Endpoints.csproj" />
    <Project Path="src/Granit.BackgroundJobs.EntityFrameworkCore/Granit.BackgroundJobs.EntityFrameworkCore.csproj" />
    <Project Path="src/Granit.BackgroundJobs.Notifications/Granit.BackgroundJobs.Notifications.csproj" />
    <Project Path="src/Granit.BackgroundJobs.Wolverine/Granit.BackgroundJobs.Wolverine.csproj" />
    <Project Path="src/Granit.BackgroundJobs/Granit.BackgroundJobs.csproj" />
    <Project Path="src/Granit.BlobStorage.AI/Granit.BlobStorage.AI.csproj" />
    <Project Path="src/Granit.BlobStorage.AzureBlob/Granit.BlobStorage.AzureBlob.csproj" />
    <Project Path="src/Granit.BlobStorage.BackgroundJobs/Granit.BlobStorage.BackgroundJobs.csproj" />
    <Project Path="src/Granit.BlobStorage.Database/Granit.BlobStorage.Database.csproj" />
    <Project Path="src/Granit.BlobStorage.Endpoints/Granit.BlobStorage.Endpoints.csproj" />
    <Project Path="src/Granit.BlobStorage.EntityFrameworkCore/Granit.BlobStorage.EntityFrameworkCore.csproj" />
    <Project Path="src/Granit.BlobStorage.FileSystem/Granit.BlobStorage.FileSystem.csproj" />
    <Project Path="src/Granit.BlobStorage.GoogleCloud/Granit.BlobStorage.GoogleCloud.csproj" />
    <Project Path="src/Granit.BlobStorage.Proxy/Granit.BlobStorage.Proxy.csproj" />
    <Project Path="src/Granit.BlobStorage.S3/Granit.BlobStorage.S3.csproj" />
    <Project Path="src/Granit.BlobStorage/Granit.BlobStorage.csproj" />
    <Project Path="src/Granit.Caching.StackExchangeRedis/Granit.Caching.StackExchangeRedis.csproj" />
    <Project Path="src/Granit.Caching/Granit.Caching.csproj" />
    <Project Path="src/Granit.Events.Wolverine/Granit.Events.Wolverine.csproj" />
    <Project Path="src/Granit.Events/Granit.Events.csproj" />
    <Project Path="src/Granit.Imaging.AI/Granit.Imaging.AI.csproj" />
    <Project Path="src/Granit.Imaging.MagickNet/Granit.Imaging.MagickNet.csproj" />
    <Project Path="src/Granit.Imaging/Granit.Imaging.csproj" />
    <Project Path="src/Granit.Persistence.EntityFrameworkCore.Hosting/Granit.Persistence.EntityFrameworkCore.Hosting.csproj" />
    <Project Path="src/Granit.Persistence.EntityFrameworkCore.Migrations/Granit.Persistence.EntityFrameworkCore.Migrations.csproj" />
    <Project Path="src/Granit.Persistence.EntityFrameworkCore.Postgres/Granit.Persistence.EntityFrameworkCore.Postgres.csproj" />
    <Project Path="src/Granit.Persistence.EntityFrameworkCore.SqlServer/Granit.Persistence.EntityFrameworkCore.SqlServer.csproj" />
    <Project Path="src/Granit.Persistence.EntityFrameworkCore/Granit.Persistence.EntityFrameworkCore.csproj" />
    <Project Path="src/Granit.Persistence/Granit.Persistence.csproj" />
    <Project Path="src/Granit.Taxonomy.BackgroundJobs/Granit.Taxonomy.BackgroundJobs.csproj" />
    <Project Path="src/Granit.Taxonomy.Endpoints/Granit.Taxonomy.Endpoints.csproj" />
    <Project Path="src/Granit.Taxonomy.EntityFrameworkCore/Granit.Taxonomy.EntityFrameworkCore.csproj" />
    <Project Path="src/Granit.Taxonomy/Granit.Taxonomy.csproj" />
    <Project Path="src/Granit.Webhooks.BackgroundJobs/Granit.Webhooks.BackgroundJobs.csproj" />
    <Project Path="src/Granit.Webhooks.Endpoints/Granit.Webhooks.Endpoints.csproj" />
    <Project Path="src/Granit.Webhooks.EntityFrameworkCore/Granit.Webhooks.EntityFrameworkCore.csproj" />
    <Project Path="src/Granit.Webhooks.Notifications/Granit.Webhooks.Notifications.csproj" />
    <Project Path="src/Granit.Webhooks.Wolverine/Granit.Webhooks.Wolverine.csproj" />
    <Project Path="src/Granit.Webhooks/Granit.Webhooks.csproj" />
    <Project Path="src/Granit.Wolverine.Postgresql/Granit.Wolverine.Postgresql.csproj" />
    <Project Path="src/Granit.Wolverine.SqlServer/Granit.Wolverine.SqlServer.csproj" />
    <Project Path="src/Granit.Wolverine/Granit.Wolverine.csproj" />
  </Folder>
  <Folder Name="/src/Compliance/">
    <Project Path="src/Granit.Auditing.ConfigurationChanges/Granit.Auditing.ConfigurationChanges.csproj" />
    <Project Path="src/Granit.Auditing.Endpoints/Granit.Auditing.Endpoints.csproj" />
    <Project Path="src/Granit.Auditing.EntityFrameworkCore/Granit.Auditing.EntityFrameworkCore.csproj" />
    <Project Path="src/Granit.Auditing.Notifications/Granit.Auditing.Notifications.csproj" />
    <Project Path="src/Granit.Auditing.Privacy/Granit.Auditing.Privacy.csproj" />
    <Project Path="src/Granit.Auditing/Granit.Auditing.csproj" />
    <Project Path="src/Granit.Http.Cookies.Endpoints/Granit.Http.Cookies.Endpoints.csproj" />
    <Project Path="src/Granit.Http.Cookies.Klaro/Granit.Http.Cookies.Klaro.csproj" />
    <Project Path="src/Granit.Http.Cookies/Granit.Http.Cookies.csproj" />
    <Project Path="src/Granit.Privacy.AI/Granit.Privacy.AI.csproj" />
    <Project Path="src/Granit.Privacy.BackgroundJobs/Granit.Privacy.BackgroundJobs.csproj" />
    <Project Path="src/Granit.Privacy.BlobStorage/Granit.Privacy.BlobStorage.csproj" />
    <Project Path="src/Granit.Privacy.Endpoints/Granit.Privacy.Endpoints.csproj" />
    <Project Path="src/Granit.Privacy.EntityFrameworkCore/Granit.Privacy.EntityFrameworkCore.csproj" />
    <Project Path="src/Granit.Privacy.Notifications/Granit.Privacy.Notifications.csproj" />
    <Project Path="src/Granit.Privacy.Regulations.Cookies/Granit.Privacy.Regulations.Cookies.csproj" />
    <Project Path="src/Granit.Privacy.Regulations/Granit.Privacy.Regulations.csproj" />
    <Project Path="src/Granit.Privacy/Granit.Privacy.csproj" />
  </Folder>
  <Folder Name="/src/Notifications/">
    <Project Path="src/Granit.Notifications.Abstractions/Granit.Notifications.Abstractions.csproj" />
    <Project Path="src/Granit.Notifications.AI/Granit.Notifications.AI.csproj" />
    <Project Path="src/Granit.Notifications.Brevo/Granit.Notifications.Brevo.csproj" />
    <Project Path="src/Granit.Notifications.Email.AwsSes/Granit.Notifications.Email.AwsSes.csproj" />
    <Project Path="src/Granit.Notifications.Email.AzureCommunicationServices/Granit.Notifications.Email.AzureCommunicationServices.csproj" />
    <Project Path="src/Granit.Notifications.Email.Scaleway/Granit.Notifications.Email.Scaleway.csproj" />
    <Project Path="src/Granit.Notifications.Email.SendGrid/Granit.Notifications.Email.SendGrid.csproj" />
    <Project Path="src/Granit.Notifications.Email.Smtp/Granit.Notifications.Email.Smtp.csproj" />
    <Project Path="src/Granit.Notifications.Email/Granit.Notifications.Email.csproj" />
    <Project Path="src/Granit.Notifications.Endpoints/Granit.Notifications.Endpoints.csproj" />
    <Project Path="src/Granit.Notifications.EntityFrameworkCore/Granit.Notifications.EntityFrameworkCore.csproj" />
    <Project Path="src/Granit.Notifications.MobilePush.AwsSns/Granit.Notifications.MobilePush.AwsSns.csproj" />
    <Project Path="src/Granit.Notifications.MobilePush.AzureNotificationHubs/Granit.Notifications.MobilePush.AzureNotificationHubs.csproj" />
    <Project Path="src/Granit.Notifications.MobilePush.GoogleFcm/Granit.Notifications.MobilePush.GoogleFcm.csproj" />
    <Project Path="src/Granit.Notifications.MobilePush/Granit.Notifications.MobilePush.csproj" />
    <Project Path="src/Granit.Notifications.Privacy/Granit.Notifications.Privacy.csproj" />
    <Project Path="src/Granit.Notifications.SignalR/Granit.Notifications.SignalR.csproj" />
    <Project Path="src/Granit.Notifications.Sms.AwsSns/Granit.Notifications.Sms.AwsSns.csproj" />
    <Project Path="src/Granit.Notifications.Sms.AzureCommunicationServices/Granit.Notifications.Sms.AzureCommunicationServices.csproj" />
    <Project Path="src/Granit.Notifications.Sms/Granit.Notifications.Sms.csproj" />
    <Project Path="src/Granit.Notifications.Sse/Granit.Notifications.Sse.csproj" />
    <Project Path="src/Granit.Notifications.Twilio/Granit.Notifications.Twilio.csproj" />
    <Project Path="src/Granit.Notifications.WebPush/Granit.Notifications.WebPush.csproj" />
    <Project Path="src/Granit.Notifications.WhatsApp/Granit.Notifications.WhatsApp.csproj" />
    <Project Path="src/Granit.Notifications.Wolverine/Granit.Notifications.Wolverine.csproj" />
    <Project Path="src/Granit.Notifications.Zulip/Granit.Notifications.Zulip.csproj" />
    <Project Path="src/Granit.Notifications/Granit.Notifications.csproj" />
  </Folder>
  <Folder Name="/src/SaaS/">
    <Project Path="src/Granit.Catalog.Endpoints/Granit.Catalog.Endpoints.csproj" />
    <Project Path="src/Granit.Catalog.EntityFrameworkCore/Granit.Catalog.EntityFrameworkCore.csproj" />
    <Project Path="src/Granit.Catalog/Granit.Catalog.csproj" />
    <Project Path="src/Granit.CustomerBalance.BackgroundJobs/Granit.CustomerBalance.BackgroundJobs.csproj" />
    <Project Path="src/Granit.CustomerBalance.Endpoints/Granit.CustomerBalance.Endpoints.csproj" />
    <Project Path="src/Granit.CustomerBalance.EntityFrameworkCore/Granit.CustomerBalance.EntityFrameworkCore.csproj" />
    <Project Path="src/Granit.CustomerBalance.Notifications/Granit.CustomerBalance.Notifications.csproj" />
    <Project Path="src/Granit.CustomerBalance/Granit.CustomerBalance.csproj" />
    <Project Path="src/Granit.Identity.Local.Notifications/Granit.Identity.Local.Notifications.csproj" />
    <Project Path="src/Granit.Invoicing.Abstractions/Granit.Invoicing.Abstractions.csproj" />
    <Project Path="src/Granit.Invoicing.BackgroundJobs/Granit.Invoicing.BackgroundJobs.csproj" />
    <Project Path="src/Granit.Invoicing.Builtin/Granit.Invoicing.Builtin.csproj" />
    <Project Path="src/Granit.Invoicing.Endpoints/Granit.Invoicing.Endpoints.csproj" />
    <Project Path="src/Granit.Invoicing.EntityFrameworkCore/Granit.Invoicing.EntityFrameworkCore.csproj" />
    <Project Path="src/Granit.Invoicing.Notifications/Granit.Invoicing.Notifications.csproj" />
    <Project Path="src/Granit.Invoicing.Odoo/Granit.Invoicing.Odoo.csproj" />
    <Project Path="src/Granit.Invoicing/Granit.Invoicing.csproj" />
    <Project Path="src/Granit.Metering.Abstractions/Granit.Metering.Abstractions.csproj" />
    <Project Path="src/Granit.Metering.BackgroundJobs/Granit.Metering.BackgroundJobs.csproj" />
    <Project Path="src/Granit.Metering.Endpoints/Granit.Metering.Endpoints.csproj" />
    <Project Path="src/Granit.Metering.EntityFrameworkCore/Granit.Metering.EntityFrameworkCore.csproj" />
    <Project Path="src/Granit.Metering.Notifications/Granit.Metering.Notifications.csproj" />
    <Project Path="src/Granit.Metering/Granit.Metering.csproj" />
    <Project Path="src/Granit.Parties.Abstractions/Granit.Parties.Abstractions.csproj" />
    <Project Path="src/Granit.Parties.Deduplication/Granit.Parties.Deduplication.csproj" />
    <Project Path="src/Granit.Parties.Deduplication.BackgroundJobs/Granit.Parties.Deduplication.BackgroundJobs.csproj" />
    <Project Path="src/Granit.Parties.Endpoints/Granit.Parties.Endpoints.csproj" />
    <Project Path="src/Granit.Parties.EntityFrameworkCore/Granit.Parties.EntityFrameworkCore.csproj" />
    <Project Path="src/Granit.Parties.Identity/Granit.Parties.Identity.csproj" />
    <Project Path="src/Granit.Parties.Mergeable/Granit.Parties.Mergeable.csproj" />
    <Project Path="src/Granit.Parties.MultiTenancy/Granit.Parties.MultiTenancy.csproj" />
    <Project Path="src/Granit.Parties.Privacy/Granit.Parties.Privacy.csproj" />
    <Project Path="src/Granit.Parties/Granit.Parties.csproj" />
    <Project Path="src/Granit.Payments.Abstractions/Granit.Payments.Abstractions.csproj" />
    <Project Path="src/Granit.Payments.Endpoints/Granit.Payments.Endpoints.csproj" />
    <Project Path="src/Granit.Payments.EntityFrameworkCore/Granit.Payments.EntityFrameworkCore.csproj" />
    <Project Path="src/Granit.Payments.Mollie/Granit.Payments.Mollie.csproj" />
    <Project Path="src/Granit.Payments.Notifications/Granit.Payments.Notifications.csproj" />
    <Project Path="src/Granit.Payments.SepaDirectDebit.Builtin/Granit.Payments.SepaDirectDebit.Builtin.csproj" />
    <Project Path="src/Granit.Payments.SepaDirectDebit.GoCardless/Granit.Payments.SepaDirectDebit.GoCardless.csproj" />
    <Project Path="src/Granit.Payments.SepaDirectDebit.Twikey/Granit.Payments.SepaDirectDebit.Twikey.csproj" />
    <Project Path="src/Granit.Payments.SepaDirectDebit/Granit.Payments.SepaDirectDebit.csproj" />
    <Project Path="src/Granit.Payments.SepaTransfer/Granit.Payments.SepaTransfer.csproj" />
    <Project Path="src/Granit.Payments.Stripe/Granit.Payments.Stripe.csproj" />
    <Project Path="src/Granit.Payments/Granit.Payments.csproj" />
    <Project Path="src/Granit.Scheduling.BackgroundJobs/Granit.Scheduling.BackgroundJobs.csproj" />
    <Project Path="src/Granit.Scheduling.Endpoints/Granit.Scheduling.Endpoints.csproj" />
    <Project Path="src/Granit.Scheduling.EntityFrameworkCore/Granit.Scheduling.EntityFrameworkCore.csproj" />
    <Project Path="src/Granit.Scheduling.Notifications/Granit.Scheduling.Notifications.csproj" />
    <Project Path="src/Granit.Scheduling.Wolverine/Granit.Scheduling.Wolverine.csproj" />
    <Project Path="src/Granit.Scheduling/Granit.Scheduling.csproj" />
    <Project Path="src/Granit.Subscriptions.BackgroundJobs/Granit.Subscriptions.BackgroundJobs.csproj" />
    <Project Path="src/Granit.Subscriptions.Builtin/Granit.Subscriptions.Builtin.csproj" />
    <Project Path="src/Granit.Subscriptions.Endpoints/Granit.Subscriptions.Endpoints.csproj" />
    <Project Path="src/Granit.Subscriptions.EntityFrameworkCore/Granit.Subscriptions.EntityFrameworkCore.csproj" />
    <Project Path="src/Granit.Subscriptions.Features/Granit.Subscriptions.Features.csproj" />
    <Project Path="src/Granit.Subscriptions.Notifications/Granit.Subscriptions.Notifications.csproj" />
    <Project Path="src/Granit.Subscriptions/Granit.Subscriptions.csproj" />
    <Project Path="src/Granit.Tax.Builtin/Granit.Tax.Builtin.csproj" />
    <Project Path="src/Granit.Tax.Endpoints/Granit.Tax.Endpoints.csproj" />
    <Project Path="src/Granit.Tax.EntityFrameworkCore/Granit.Tax.EntityFrameworkCore.csproj" />
    <Project Path="src/Granit.Tax.Stripe/Granit.Tax.Stripe.csproj" />
    <Project Path="src/Granit.Tax/Granit.Tax.csproj" />
  </Folder>
  <Folder Name="/src/">
    <Project Path="src/Granit.Wolverine.Encryption/Granit.Wolverine.Encryption.csproj" />
  </Folder>
  <Folder Name="/src/AI/">
    <Project Path="src/Granit.AI.AzureOpenAI/Granit.AI.AzureOpenAI.csproj" />
    <Project Path="src/Granit.AI.Endpoints/Granit.AI.Endpoints.csproj" />
    <Project Path="src/Granit.AI.EntityFrameworkCore/Granit.AI.EntityFrameworkCore.csproj" />
    <Project Path="src/Granit.AI.Extraction/Granit.AI.Extraction.csproj" />
    <Project Path="src/Granit.AI.Mcp/Granit.AI.Mcp.csproj" />
    <Project Path="src/Granit.AI.Ollama/Granit.AI.Ollama.csproj" />
    <Project Path="src/Granit.AI.OpenAI/Granit.AI.OpenAI.csproj" />
    <Project Path="src/Granit.AI.VectorData/Granit.AI.VectorData.csproj" />
    <Project Path="src/Granit.AI/Granit.AI.csproj" />
  </Folder>
  <Folder Name="/src/Tooling/">
    <Project Path="src/Granit.Analyzers.CodeFixes/Granit.Analyzers.CodeFixes.csproj" />
    <Project Path="src/Granit.Analyzers/Granit.Analyzers.csproj" />
    <Project Path="src/Granit.Testing.EntityFrameworkCore/Granit.Testing.EntityFrameworkCore.csproj" />
    <Project Path="src/Granit.Testing/Granit.Testing.csproj" />
  </Folder>
  <Folder Name="/src/Bundles/">
    <Project Path="src/bundles/Granit.Bundle.Api/Granit.Bundle.Api.csproj" />
    <Project Path="src/bundles/Granit.Bundle.Documents/Granit.Bundle.Documents.csproj" />
    <Project Path="src/bundles/Granit.Bundle.Essentials/Granit.Bundle.Essentials.csproj" />
    <Project Path="src/bundles/Granit.Bundle.Notifications/Granit.Bundle.Notifications.csproj" />
    <Project Path="src/bundles/Granit.Bundle.OpenIddict/Granit.Bundle.OpenIddict.csproj" />
    <Project Path="src/bundles/Granit.Bundle.SaaS/Granit.Bundle.SaaS.csproj" />
  </Folder>
  <Folder Name="/tests/Platform/">
    <Project Path="tests/Granit.Bundle.Tests/Granit.Bundle.Tests.csproj" />
    <Project Path="tests/Granit.Diagnostics.Endpoints.Tests/Granit.Diagnostics.Endpoints.Tests.csproj" />
    <Project Path="tests/Granit.Diagnostics.Tests/Granit.Diagnostics.Tests.csproj" />
    <Project Path="tests/Granit.Guids.Tests/Granit.Guids.Tests.csproj" />
    <Project Path="tests/Granit.Http.Abstractions.Tests/Granit.Http.Abstractions.Tests.csproj" />
    <Project Path="tests/Granit.Http.ApiDocumentation.Tests/Granit.Http.ApiDocumentation.Tests.csproj" />
    <Project Path="tests/Granit.Http.ApiVersioning.Tests/Granit.Http.ApiVersioning.Tests.csproj" />
    <Project Path="tests/Granit.Http.Bulkhead.Tests/Granit.Http.Bulkhead.Tests.csproj" />
    <Project Path="tests/Granit.Http.Cors.Tests/Granit.Http.Cors.Tests.csproj" />
    <Project Path="tests/Granit.Http.ExceptionHandling.Tests/Granit.Http.ExceptionHandling.Tests.csproj" />
    <Project Path="tests/Granit.Http.Idempotency.Tests/Granit.Http.Idempotency.Tests.csproj" />
    <Project Path="tests/Granit.Http.ODataExposure.Tests/Granit.Http.ODataExposure.Tests.csproj" />
    <Project Path="tests/Granit.Http.ODataExposure.Tests.Integration/Granit.Http.ODataExposure.Tests.Integration.csproj" />
    <Project Path="tests/Granit.Http.OutputCaching.StackExchangeRedis.Tests/Granit.Http.OutputCaching.StackExchangeRedis.Tests.csproj" />
    <Project Path="tests/Granit.Http.OutputCaching.Tests/Granit.Http.OutputCaching.Tests.csproj" />
    <Project Path="tests/Granit.Http.Resilience.Tests/Granit.Http.Resilience.Tests.csproj" />
    <Project Path="tests/Granit.Http.ResponseCompression.Tests/Granit.Http.ResponseCompression.Tests.csproj" />
    <Project Path="tests/Granit.Http.SecurityHeaders.Tests/Granit.Http.SecurityHeaders.Tests.csproj" />
    <Project Path="tests/Granit.Mcp.Client.Tests/Granit.Mcp.Client.Tests.csproj" />
    <Project Path="tests/Granit.Mcp.Server.Tests/Granit.Mcp.Server.Tests.csproj" />
    <Project Path="tests/Granit.Mcp.Tests/Granit.Mcp.Tests.csproj" />
    <Project Path="tests/Granit.Mergeable.BackgroundJobs.Tests/Granit.Mergeable.BackgroundJobs.Tests.csproj" />
    <Project Path="tests/Granit.Mergeable.EntityFrameworkCore.Tests/Granit.Mergeable.EntityFrameworkCore.Tests.csproj" />
    <Project Path="tests/Granit.Mergeable.Tests/Granit.Mergeable.Tests.csproj" />
    <Project Path="tests/Granit.MultiTenancy.Endpoints.Tests/Granit.MultiTenancy.Endpoints.Tests.csproj" />
    <Project Path="tests/Granit.MultiTenancy.EntityFrameworkCore.Tests/Granit.MultiTenancy.EntityFrameworkCore.Tests.csproj" />
    <Project Path="tests/Granit.MultiTenancy.Tests/Granit.MultiTenancy.Tests.csproj" />
    <Project Path="tests/Granit.Observability.AI.Tests/Granit.Observability.AI.Tests.csproj" />
    <Project Path="tests/Granit.Observability.Tests/Granit.Observability.Tests.csproj" />
    <Project Path="tests/Granit.Oidc.Tests/Granit.Oidc.Tests.csproj" />
    <Project Path="tests/Granit.Oidc.TokenManagement.Tests/Granit.Oidc.TokenManagement.Tests.csproj" />
    <Project Path="tests/Granit.RateLimiting.Tests/Granit.RateLimiting.Tests.csproj" />
    <Project Path="tests/Granit.Tests/Granit.Tests.csproj" />
    <Project Path="tests/Granit.Timing.Tests/Granit.Timing.Tests.csproj" />
    <Project Path="tests/Granit.Users.Tests/Granit.Users.Tests.csproj" />
    <Project Path="tests/Granit.Validation.AI.Tests/Granit.Validation.AI.Tests.csproj" />
    <Project Path="tests/Granit.Validation.Endpoints.Tests/Granit.Validation.Endpoints.Tests.csproj" />
    <Project Path="tests/Granit.Validation.Europe.Tests/Granit.Validation.Europe.Tests.csproj" />
    <Project Path="tests/Granit.Validation.NorthAmerica.Tests/Granit.Validation.NorthAmerica.Tests.csproj" />
    <Project Path="tests/Granit.Validation.Tests/Granit.Validation.Tests.csproj" />
    <Project Path="tests/Granit.Validation.UnitedKingdom.Tests/Granit.Validation.UnitedKingdom.Tests.csproj" />
  </Folder>
  <Folder Name="/tests/Security/">
    <Project Path="tests/Granit.Authentication.Tests/Granit.Authentication.Tests.csproj" />
    <Project Path="tests/Granit.Authentication.ApiKeys.BackgroundJobs.Tests/Granit.Authentication.ApiKeys.BackgroundJobs.Tests.csproj" />
    <Project Path="tests/Granit.Authentication.ApiKeys.Endpoints.Tests/Granit.Authentication.ApiKeys.Endpoints.Tests.csproj" />
    <Project Path="tests/Granit.Authentication.ApiKeys.EntityFrameworkCore.Tests/Granit.Authentication.ApiKeys.EntityFrameworkCore.Tests.csproj" />
    <Project Path="tests/Granit.Authentication.ApiKeys.Notifications.Tests/Granit.Authentication.ApiKeys.Notifications.Tests.csproj" />
    <Project Path="tests/Granit.Authentication.ApiKeys.Tests/Granit.Authentication.ApiKeys.Tests.csproj" />
    <Project Path="tests/Granit.Authentication.DPoP.Tests/Granit.Authentication.DPoP.Tests.csproj" />
    <Project Path="tests/Granit.Authentication.JwtBearer.Cognito.Tests/Granit.Authentication.JwtBearer.Cognito.Tests.csproj" />
    <Project Path="tests/Granit.Authentication.JwtBearer.EntraId.Tests/Granit.Authentication.JwtBearer.EntraId.Tests.csproj" />
    <Project Path="tests/Granit.Authentication.JwtBearer.GoogleCloud.Tests/Granit.Authentication.JwtBearer.GoogleCloud.Tests.csproj" />
    <Project Path="tests/Granit.Authentication.JwtBearer.Keycloak.Tests/Granit.Authentication.JwtBearer.Keycloak.Tests.csproj" />
    <Project Path="tests/Granit.Authentication.JwtBearer.Tests/Granit.Authentication.JwtBearer.Tests.csproj" />
    <Project Path="tests/Granit.Authentication.OpenIddict.Tests/Granit.Authentication.OpenIddict.Tests.csproj" />
    <Project Path="tests/Granit.Authorization.AI.Tests/Granit.Authorization.AI.Tests.csproj" />
    <Project Path="tests/Granit.Authorization.Endpoints.Tests/Granit.Authorization.Endpoints.Tests.csproj" />
    <Project Path="tests/Granit.Authorization.EntityFrameworkCore.Tests.Integration/Granit.Authorization.EntityFrameworkCore.Tests.Integration.csproj" />
    <Project Path="tests/Granit.Authorization.EntityFrameworkCore.Tests/Granit.Authorization.EntityFrameworkCore.Tests.csproj" />
    <Project Path="tests/Granit.Authorization.Tests/Granit.Authorization.Tests.csproj" />
    <Project Path="tests/Granit.Bff.BackgroundJobs.Tests/Granit.Bff.BackgroundJobs.Tests.csproj" />
    <Project Path="tests/Granit.Bff.Endpoints.Tests/Granit.Bff.Endpoints.Tests.csproj" />
    <Project Path="tests/Granit.Bff.EntityFrameworkCore.Tests/Granit.Bff.EntityFrameworkCore.Tests.csproj" />
    <Project Path="tests/Granit.Bff.Tests/Granit.Bff.Tests.csproj" />
    <Project Path="tests/Granit.Bff.Yarp.Tests/Granit.Bff.Yarp.Tests.csproj" />
    <Project Path="tests/Granit.Encryption.BackgroundJobs.Tests/Granit.Encryption.BackgroundJobs.Tests.csproj" />
    <Project Path="tests/Granit.Encryption.EntityFrameworkCore.Tests/Granit.Encryption.EntityFrameworkCore.Tests.csproj" />
    <Project Path="tests/Granit.Encryption.Tests/Granit.Encryption.Tests.csproj" />
    <Project Path="tests/Granit.Identity.Endpoints.Tests/Granit.Identity.Endpoints.Tests.csproj" />
    <Project Path="tests/Granit.Identity.EntityFrameworkCore.Tests/Granit.Identity.EntityFrameworkCore.Tests.csproj" />
    <Project Path="tests/Granit.Identity.Federated.Cognito.BackgroundJobs.Tests/Granit.Identity.Federated.Cognito.BackgroundJobs.Tests.csproj" />
    <Project Path="tests/Granit.Identity.Federated.Cognito.Tests.Integration/Granit.Identity.Federated.Cognito.Tests.Integration.csproj" />
    <Project Path="tests/Granit.Identity.Federated.Cognito.Tests/Granit.Identity.Federated.Cognito.Tests.csproj" />
    <Project Path="tests/Granit.Identity.Federated.EntityFrameworkCore.Tests/Granit.Identity.Federated.EntityFrameworkCore.Tests.csproj" />
    <Project Path="tests/Granit.Identity.Federated.EntraId.BackgroundJobs.Tests/Granit.Identity.Federated.EntraId.BackgroundJobs.Tests.csproj" />
    <Project Path="tests/Granit.Identity.Federated.EntraId.Tests.Integration/Granit.Identity.Federated.EntraId.Tests.Integration.csproj" />
    <Project Path="tests/Granit.Identity.Federated.EntraId.Tests/Granit.Identity.Federated.EntraId.Tests.csproj" />
    <Project Path="tests/Granit.Identity.Federated.GoogleCloud.Tests/Granit.Identity.Federated.GoogleCloud.Tests.csproj" />
    <Project Path="tests/Granit.Identity.Federated.Keycloak.BackgroundJobs.Tests/Granit.Identity.Federated.Keycloak.BackgroundJobs.Tests.csproj" />
    <Project Path="tests/Granit.Identity.Federated.Keycloak.Tests.Integration/Granit.Identity.Federated.Keycloak.Tests.Integration.csproj" />
    <Project Path="tests/Granit.Identity.Federated.Keycloak.Tests/Granit.Identity.Federated.Keycloak.Tests.csproj" />
    <Project Path="tests/Granit.Identity.Federated.Notifications.Tests/Granit.Identity.Federated.Notifications.Tests.csproj" />
    <Project Path="tests/Granit.Identity.Federated.Privacy.Tests/Granit.Identity.Federated.Privacy.Tests.csproj" />
    <Project Path="tests/Granit.Identity.Federated.Tests/Granit.Identity.Federated.Tests.csproj" />
    <Project Path="tests/Granit.Identity.Local.AspNetIdentity.Tests/Granit.Identity.Local.AspNetIdentity.Tests.csproj" />
    <Project Path="tests/Granit.Identity.Local.Endpoints.Tests/Granit.Identity.Local.Endpoints.Tests.csproj" />
    <Project Path="tests/Granit.Identity.Local.Privacy.Tests/Granit.Identity.Local.Privacy.Tests.csproj" />
    <Project Path="tests/Granit.Identity.Local.Tests/Granit.Identity.Local.Tests.csproj" />
    <Project Path="tests/Granit.Identity.Tests/Granit.Identity.Tests.csproj" />
    <Project Path="tests/Granit.OpenIddict.BackgroundJobs.Tests/Granit.OpenIddict.BackgroundJobs.Tests.csproj" />
    <Project Path="tests/Granit.OpenIddict.Endpoints.Tests/Granit.OpenIddict.Endpoints.Tests.csproj" />
    <Project Path="tests/Granit.OpenIddict.EntityFrameworkCore.Tests/Granit.OpenIddict.EntityFrameworkCore.Tests.csproj" />
    <Project Path="tests/Granit.OpenIddict.Server.Tests/Granit.OpenIddict.Server.Tests.csproj" />
    <Project Path="tests/Granit.OpenIddict.Tests.Integration/Granit.OpenIddict.Tests.Integration.csproj" />
    <Project Path="tests/Granit.OpenIddict.Tests/Granit.OpenIddict.Tests.csproj" />
    <Project Path="tests/Granit.Vault.Aws.Tests/Granit.Vault.Aws.Tests.csproj" />
    <Project Path="tests/Granit.Vault.Azure.Tests/Granit.Vault.Azure.Tests.csproj" />
    <Project Path="tests/Granit.Vault.GoogleCloud.Tests/Granit.Vault.GoogleCloud.Tests.csproj" />
    <Project Path="tests/Granit.Vault.HashiCorp.Tests/Granit.Vault.HashiCorp.Tests.csproj" />
    <Project Path="tests/Granit.Vault.Tests/Granit.Vault.Tests.csproj" />
  </Folder>
  <Folder Name="/tests/Application/">
    <Project Path="tests/Granit.Activities.Abstractions.Tests/Granit.Activities.Abstractions.Tests.csproj" />
    <Project Path="tests/Granit.Activities.BackgroundJobs.Tests/Granit.Activities.BackgroundJobs.Tests.csproj" />
    <Project Path="tests/Granit.Activities.Endpoints.Tests/Granit.Activities.Endpoints.Tests.csproj" />
    <Project Path="tests/Granit.Activities.EntityFrameworkCore.Tests/Granit.Activities.EntityFrameworkCore.Tests.csproj" />
    <Project Path="tests/Granit.Activities.Notifications.Tests/Granit.Activities.Notifications.Tests.csproj" />
    <Project Path="tests/Granit.Activities.Tests/Granit.Activities.Tests.csproj" />
    <Project Path="tests/Granit.Analytics.Abstractions.Tests/Granit.Analytics.Abstractions.Tests.csproj" />
    <Project Path="tests/Granit.Analytics.Endpoints.Tests/Granit.Analytics.Endpoints.Tests.csproj" />
    <Project Path="tests/Granit.Analytics.EntityFrameworkCore.Tests/Granit.Analytics.EntityFrameworkCore.Tests.csproj" />
    <Project Path="tests/Granit.Analytics.EntityFrameworkCore.Tests.Integration/Granit.Analytics.EntityFrameworkCore.Tests.Integration.csproj" />
    <Project Path="tests/Granit.Analytics.PostGIS.Tests/Granit.Analytics.PostGIS.Tests.csproj" />
    <Project Path="tests/Granit.Analytics.Tests/Granit.Analytics.Tests.csproj" />
    <Project Path="tests/Granit.Dashboards.Abstractions.Tests/Granit.Dashboards.Abstractions.Tests.csproj" />
    <Project Path="tests/Granit.Dashboards.Endpoints.Tests/Granit.Dashboards.Endpoints.Tests.csproj" />
    <Project Path="tests/Granit.Dashboards.EntityFrameworkCore.Tests/Granit.Dashboards.EntityFrameworkCore.Tests.csproj" />
    <Project Path="tests/Granit.Dashboards.Push.Tests/Granit.Dashboards.Push.Tests.csproj" />
    <Project Path="tests/Granit.Dashboards.Push.WebSockets.Tests/Granit.Dashboards.Push.WebSockets.Tests.csproj" />
    <Project Path="tests/Granit.Dashboards.EntityFrameworkCore.Tests.Integration/Granit.Dashboards.EntityFrameworkCore.Tests.Integration.csproj" />
    <Project Path="tests/Granit.Dashboards.Tests/Granit.Dashboards.Tests.csproj" />
    <Project Path="tests/Granit.Entities.Abstractions.Tests/Granit.Entities.Abstractions.Tests.csproj" />
    <Project Path="tests/Granit.Entities.Customization.Tests/Granit.Entities.Customization.Tests.csproj" />
    <Project Path="tests/Granit.Entities.Customization.EntityFrameworkCore.Tests/Granit.Entities.Customization.EntityFrameworkCore.Tests.csproj" />
    <Project Path="tests/Granit.Entities.Customization.Endpoints.Tests/Granit.Entities.Customization.Endpoints.Tests.csproj" />
    <Project Path="tests/Granit.Entities.Tests/Granit.Entities.Tests.csproj" />
    <Project Path="tests/Granit.Entities.Endpoints.Tests/Granit.Entities.Endpoints.Tests.csproj" />
    <Project Path="tests/Granit.Entities.EntityFrameworkCore.Tests/Granit.Entities.EntityFrameworkCore.Tests.csproj" />
    <Project Path="tests/Granit.Entities.Views.Abstractions.Tests/Granit.Entities.Views.Abstractions.Tests.csproj" />
    <Project Path="tests/Granit.Entities.Views.Endpoints.Tests/Granit.Entities.Views.Endpoints.Tests.csproj" />
    <Project Path="tests/Granit.Entities.Views.EntityFrameworkCore.Tests/Granit.Entities.Views.EntityFrameworkCore.Tests.csproj" />
    <Project Path="tests/Granit.Entities.Views.Tests/Granit.Entities.Views.Tests.csproj" />
    <Project Path="tests/Granit.Workspaces.Abstractions.Tests/Granit.Workspaces.Abstractions.Tests.csproj" />
    <Project Path="tests/Granit.Workspaces.Endpoints.Tests/Granit.Workspaces.Endpoints.Tests.csproj" />
    <Project Path="tests/Granit.Workspaces.Framework.Tests/Granit.Workspaces.Framework.Tests.csproj" />
    <Project Path="tests/Granit.Workspaces.Tests/Granit.Workspaces.Tests.csproj" />
    <Project Path="tests/Granit.DataExchange.Abstractions.Tests/Granit.DataExchange.Abstractions.Tests.csproj" />
    <Project Path="tests/Granit.DataExchange.AI.Tests/Granit.DataExchange.AI.Tests.csproj" />
    <Project Path="tests/Granit.DataExchange.Csv.Tests/Granit.DataExchange.Csv.Tests.csproj" />
    <Project Path="tests/Granit.DataExchange.Endpoints.Tests/Granit.DataExchange.Endpoints.Tests.csproj" />
    <Project Path="tests/Granit.DataExchange.EntityFrameworkCore.Tests/Granit.DataExchange.EntityFrameworkCore.Tests.csproj" />
    <Project Path="tests/Granit.DataExchange.Excel.Tests/Granit.DataExchange.Excel.Tests.csproj" />
    <Project Path="tests/Granit.DataExchange.Tests/Granit.DataExchange.Tests.csproj" />
    <Project Path="tests/Granit.DataLookup.Abstractions.Tests/Granit.DataLookup.Abstractions.Tests.csproj" />
    <Project Path="tests/Granit.DataLookup.Endpoints.Tests/Granit.DataLookup.Endpoints.Tests.csproj" />
    <Project Path="tests/Granit.DataLookup.EntityFrameworkCore.Tests/Granit.DataLookup.EntityFrameworkCore.Tests.csproj" />
    <Project Path="tests/Granit.DataLookup.Tests/Granit.DataLookup.Tests.csproj" />
    <Project Path="tests/Granit.DocumentGeneration.Excel.Tests/Granit.DocumentGeneration.Excel.Tests.csproj" />
    <Project Path="tests/Granit.DocumentGeneration.Pdf.Tests/Granit.DocumentGeneration.Pdf.Tests.csproj" />
    <Project Path="tests/Granit.DocumentGeneration.Tests/Granit.DocumentGeneration.Tests.csproj" />
    <Project Path="tests/Granit.Documents.BackgroundJobs.Tests/Granit.Documents.BackgroundJobs.Tests.csproj" />
    <Project Path="tests/Granit.Documents.Endpoints.Tests/Granit.Documents.Endpoints.Tests.csproj" />
    <Project Path="tests/Granit.Documents.EntityFrameworkCore.Tests.Integration/Granit.Documents.EntityFrameworkCore.Tests.Integration.csproj" />
    <Project Path="tests/Granit.Documents.EntityFrameworkCore.Tests/Granit.Documents.EntityFrameworkCore.Tests.csproj" />
    <Project Path="tests/Granit.Documents.Notifications.Tests/Granit.Documents.Notifications.Tests.csproj" />
    <Project Path="tests/Granit.Documents.Tests/Granit.Documents.Tests.csproj" />
    <Project Path="tests/Granit.Features.Endpoints.Tests/Granit.Features.Endpoints.Tests.csproj" />
    <Project Path="tests/Granit.Features.EntityFrameworkCore.Tests/Granit.Features.EntityFrameworkCore.Tests.csproj" />
    <Project Path="tests/Granit.Features.Tests/Granit.Features.Tests.csproj" />
    <Project Path="tests/Granit.Localization.AI.Tests/Granit.Localization.AI.Tests.csproj" />
    <Project Path="tests/Granit.Localization.Endpoints.Tests/Granit.Localization.Endpoints.Tests.csproj" />
    <Project Path="tests/Granit.Localization.EntityFrameworkCore.Tests/Granit.Localization.EntityFrameworkCore.Tests.csproj" />
    <Project Path="tests/Granit.Localization.SourceGenerator.Tests/Granit.Localization.SourceGenerator.Tests.csproj" />
    <Project Path="tests/Granit.Localization.Tests/Granit.Localization.Tests.csproj" />
    <Project Path="tests/Granit.QueryEngine.Abstractions.Tests/Granit.QueryEngine.Abstractions.Tests.csproj" />
    <Project Path="tests/Granit.QueryEngine.AI.Tests/Granit.QueryEngine.AI.Tests.csproj" />
    <Project Path="tests/Granit.QueryEngine.AspNetCore.Tests.Integration/Granit.QueryEngine.AspNetCore.Tests.Integration.csproj" />
    <Project Path="tests/Granit.QueryEngine.AspNetCore.Tests/Granit.QueryEngine.AspNetCore.Tests.csproj" />
    <Project Path="tests/Granit.QueryEngine.EntityFrameworkCore.Tests/Granit.QueryEngine.EntityFrameworkCore.Tests.csproj" />
    <Project Path="tests/Granit.QueryEngine.Tests/Granit.QueryEngine.Tests.csproj" />
    <Project Path="tests/Granit.ReferenceData.Endpoints.Tests/Granit.ReferenceData.Endpoints.Tests.csproj" />
    <Project Path="tests/Granit.ReferenceData.EntityFrameworkCore.Tests/Granit.ReferenceData.EntityFrameworkCore.Tests.csproj" />
    <Project Path="tests/Granit.ReferenceData.Tests/Granit.ReferenceData.Tests.csproj" />
    <Project Path="tests/Granit.Settings.Endpoints.Tests/Granit.Settings.Endpoints.Tests.csproj" />
    <Project Path="tests/Granit.Settings.EntityFrameworkCore.Tests/Granit.Settings.EntityFrameworkCore.Tests.csproj" />
    <Project Path="tests/Granit.Settings.Tests/Granit.Settings.Tests.csproj" />
    <Project Path="tests/Granit.Templating.AI.Tests/Granit.Templating.AI.Tests.csproj" />
    <Project Path="tests/Granit.Templating.Endpoints.Tests/Granit.Templating.Endpoints.Tests.csproj" />
    <Project Path="tests/Granit.Templating.EntityFrameworkCore.Tests/Granit.Templating.EntityFrameworkCore.Tests.csproj" />
    <Project Path="tests/Granit.Templating.Mjml.Tests/Granit.Templating.Mjml.Tests.csproj" />
    <Project Path="tests/Granit.Templating.Scriban.Tests/Granit.Templating.Scriban.Tests.csproj" />
    <Project Path="tests/Granit.Templating.Tests/Granit.Templating.Tests.csproj" />
    <Project Path="tests/Granit.Templating.Workflow.Tests/Granit.Templating.Workflow.Tests.csproj" />
    <Project Path="tests/Granit.Timeline.AI.Tests/Granit.Timeline.AI.Tests.csproj" />
    <Project Path="tests/Granit.Timeline.Endpoints.Tests/Granit.Timeline.Endpoints.Tests.csproj" />
    <Project Path="tests/Granit.Timeline.EntityFrameworkCore.Tests/Granit.Timeline.EntityFrameworkCore.Tests.csproj" />
    <Project Path="tests/Granit.Timeline.Notifications.Tests/Granit.Timeline.Notifications.Tests.csproj" />
    <Project Path="tests/Granit.Timeline.Tests/Granit.Timeline.Tests.csproj" />
    <Project Path="tests/Granit.Workflow.Abstractions.Tests/Granit.Workflow.Abstractions.Tests.csproj" />
    <Project Path="tests/Granit.Workflow.AI.Tests/Granit.Workflow.AI.Tests.csproj" />
    <Project Path="tests/Granit.Workflow.Endpoints.Tests/Granit.Workflow.Endpoints.Tests.csproj" />
    <Project Path="tests/Granit.Workflow.EntityFrameworkCore.Tests/Granit.Workflow.EntityFrameworkCore.Tests.csproj" />
    <Project Path="tests/Granit.Workflow.Notifications.Tests/Granit.Workflow.Notifications.Tests.csproj" />
    <Project Path="tests/Granit.Workflow.Tests/Granit.Workflow.Tests.csproj" />
  </Folder>
  <Folder Name="/tests/Infrastructure/">
    <Project Path="tests/Granit.BackgroundJobs.Endpoints.Tests/Granit.BackgroundJobs.Endpoints.Tests.csproj" />
    <Project Path="tests/Granit.BackgroundJobs.EntityFrameworkCore.Tests/Granit.BackgroundJobs.EntityFrameworkCore.Tests.csproj" />
    <Project Path="tests/Granit.BackgroundJobs.Notifications.Tests/Granit.BackgroundJobs.Notifications.Tests.csproj" />
    <Project Path="tests/Granit.BackgroundJobs.Tests.Integration/Granit.BackgroundJobs.Tests.Integration.csproj" />
    <Project Path="tests/Granit.BackgroundJobs.Tests/Granit.BackgroundJobs.Tests.csproj" />
    <Project Path="tests/Granit.BackgroundJobs.Wolverine.Tests/Granit.BackgroundJobs.Wolverine.Tests.csproj" />
    <Project Path="tests/Granit.BlobStorage.AI.Tests/Granit.BlobStorage.AI.Tests.csproj" />
    <Project Path="tests/Granit.BlobStorage.AzureBlob.Tests/Granit.BlobStorage.AzureBlob.Tests.csproj" />
    <Project Path="tests/Granit.BlobStorage.BackgroundJobs.Tests/Granit.BlobStorage.BackgroundJobs.Tests.csproj" />
    <Project Path="tests/Granit.BlobStorage.Database.Tests/Granit.BlobStorage.Database.Tests.csproj" />
    <Project Path="tests/Granit.BlobStorage.Endpoints.Tests/Granit.BlobStorage.Endpoints.Tests.csproj" />
    <Project Path="tests/Granit.BlobStorage.EntityFrameworkCore.Tests/Granit.BlobStorage.EntityFrameworkCore.Tests.csproj" />
    <Project Path="tests/Granit.BlobStorage.FileSystem.Tests/Granit.BlobStorage.FileSystem.Tests.csproj" />
    <Project Path="tests/Granit.BlobStorage.GoogleCloud.Tests/Granit.BlobStorage.GoogleCloud.Tests.csproj" />
    <Project Path="tests/Granit.BlobStorage.Proxy.Tests/Granit.BlobStorage.Proxy.Tests.csproj" />
    <Project Path="tests/Granit.BlobStorage.S3.Tests/Granit.BlobStorage.S3.Tests.csproj" />
    <Project Path="tests/Granit.BlobStorage.Tests/Granit.BlobStorage.Tests.csproj" />
    <Project Path="tests/Granit.Caching.FusionCache.Tests/Granit.Caching.FusionCache.Tests.csproj" />
    <Project Path="tests/Granit.Caching.StackExchangeRedis.Tests/Granit.Caching.StackExchangeRedis.Tests.csproj" />
    <Project Path="tests/Granit.Caching.Tests.Integration/Granit.Caching.Tests.Integration.csproj" />
    <Project Path="tests/Granit.Caching.Tests/Granit.Caching.Tests.csproj" />
    <Project Path="tests/Granit.Events.Tests/Granit.Events.Tests.csproj" />
    <Project Path="tests/Granit.Events.Wolverine.Tests/Granit.Events.Wolverine.Tests.csproj" />
    <Project Path="tests/Granit.Imaging.AI.Tests/Granit.Imaging.AI.Tests.csproj" />
    <Project Path="tests/Granit.Imaging.MagickNet.Tests/Granit.Imaging.MagickNet.Tests.csproj" />
    <Project Path="tests/Granit.Imaging.Tests/Granit.Imaging.Tests.csproj" />
    <Project Path="tests/Granit.Persistence.EntityFrameworkCore.Hosting.Tests/Granit.Persistence.EntityFrameworkCore.Hosting.Tests.csproj" />
    <Project Path="tests/Granit.Persistence.EntityFrameworkCore.Migrations.Tests/Granit.Persistence.EntityFrameworkCore.Migrations.Tests.csproj" />
    <Project Path="tests/Granit.Persistence.EntityFrameworkCore.Postgres.Tests/Granit.Persistence.EntityFrameworkCore.Postgres.Tests.csproj" />
    <Project Path="tests/Granit.Persistence.EntityFrameworkCore.SqlServer.Tests/Granit.Persistence.EntityFrameworkCore.SqlServer.Tests.csproj" />
    <Project Path="tests/Granit.Persistence.EntityFrameworkCore.Tests/Granit.Persistence.EntityFrameworkCore.Tests.csproj" />
    <Project Path="tests/Granit.Persistence.Tests/Granit.Persistence.Tests.csproj" />
    <Project Path="tests/Granit.Taxonomy.BackgroundJobs.Tests/Granit.Taxonomy.BackgroundJobs.Tests.csproj" />
    <Project Path="tests/Granit.Taxonomy.Endpoints.Tests/Granit.Taxonomy.Endpoints.Tests.csproj" />
    <Project Path="tests/Granit.Taxonomy.EntityFrameworkCore.Tests.Integration/Granit.Taxonomy.EntityFrameworkCore.Tests.Integration.csproj" />
    <Project Path="tests/Granit.Taxonomy.EntityFrameworkCore.Tests/Granit.Taxonomy.EntityFrameworkCore.Tests.csproj" />
    <Project Path="tests/Granit.Taxonomy.Tests/Granit.Taxonomy.Tests.csproj" />
    <Project Path="tests/Granit.Webhooks.BackgroundJobs.Tests/Granit.Webhooks.BackgroundJobs.Tests.csproj" />
    <Project Path="tests/Granit.Webhooks.Endpoints.Tests/Granit.Webhooks.Endpoints.Tests.csproj" />
    <Project Path="tests/Granit.Webhooks.EntityFrameworkCore.Tests/Granit.Webhooks.EntityFrameworkCore.Tests.csproj" />
    <Project Path="tests/Granit.Webhooks.Notifications.Tests/Granit.Webhooks.Notifications.Tests.csproj" />
    <Project Path="tests/Granit.Webhooks.Tests/Granit.Webhooks.Tests.csproj" />
    <Project Path="tests/Granit.Webhooks.Wolverine.Tests/Granit.Webhooks.Wolverine.Tests.csproj" />
    <Project Path="tests/Granit.Wolverine.Postgresql.Tests.Integration/Granit.Wolverine.Postgresql.Tests.Integration.csproj" />
    <Project Path="tests/Granit.Wolverine.Postgresql.Tests/Granit.Wolverine.Postgresql.Tests.csproj" />
    <Project Path="tests/Granit.Wolverine.SqlServer.Tests.Integration/Granit.Wolverine.SqlServer.Tests.Integration.csproj" />
    <Project Path="tests/Granit.Wolverine.SqlServer.Tests/Granit.Wolverine.SqlServer.Tests.csproj" />
    <Project Path="tests/Granit.Wolverine.Tests/Granit.Wolverine.Tests.csproj" />
  </Folder>
  <Folder Name="/tests/Compliance/">
    <Project Path="tests/Granit.Auditing.ConfigurationChanges.Tests/Granit.Auditing.ConfigurationChanges.Tests.csproj" />
    <Project Path="tests/Granit.Auditing.Endpoints.Tests/Granit.Auditing.Endpoints.Tests.csproj" />
    <Project Path="tests/Granit.Auditing.EntityFrameworkCore.Tests/Granit.Auditing.EntityFrameworkCore.Tests.csproj" />
    <Project Path="tests/Granit.Auditing.Notifications.Tests/Granit.Auditing.Notifications.Tests.csproj" />
    <Project Path="tests/Granit.Auditing.Privacy.Tests/Granit.Auditing.Privacy.Tests.csproj" />
    <Project Path="tests/Granit.Auditing.Tests/Granit.Auditing.Tests.csproj" />
    <Project Path="tests/Granit.Http.Cookies.Endpoints.Tests/Granit.Http.Cookies.Endpoints.Tests.csproj" />
    <Project Path="tests/Granit.Http.Cookies.Klaro.Tests/Granit.Http.Cookies.Klaro.Tests.csproj" />
    <Project Path="tests/Granit.Http.Cookies.Tests/Granit.Http.Cookies.Tests.csproj" />
    <Project Path="tests/Granit.Privacy.AI.Tests/Granit.Privacy.AI.Tests.csproj" />
    <Project Path="tests/Granit.Privacy.BackgroundJobs.Tests/Granit.Privacy.BackgroundJobs.Tests.csproj" />
    <Project Path="tests/Granit.Privacy.BlobStorage.Tests/Granit.Privacy.BlobStorage.Tests.csproj" />
    <Project Path="tests/Granit.Privacy.Endpoints.Tests/Granit.Privacy.Endpoints.Tests.csproj" />
    <Project Path="tests/Granit.Privacy.EntityFrameworkCore.Tests/Granit.Privacy.EntityFrameworkCore.Tests.csproj" />
    <Project Path="tests/Granit.Privacy.Notifications.Tests/Granit.Privacy.Notifications.Tests.csproj" />
    <Project Path="tests/Granit.Privacy.Regulations.Cookies.Tests/Granit.Privacy.Regulations.Cookies.Tests.csproj" />
    <Project Path="tests/Granit.Privacy.Regulations.Tests/Granit.Privacy.Regulations.Tests.csproj" />
    <Project Path="tests/Granit.Privacy.Tests/Granit.Privacy.Tests.csproj" />
  </Folder>
  <Folder Name="/tests/Notifications/">
    <Project Path="tests/Granit.Notifications.Abstractions.Tests/Granit.Notifications.Abstractions.Tests.csproj" />
    <Project Path="tests/Granit.Notifications.AI.Tests/Granit.Notifications.AI.Tests.csproj" />
    <Project Path="tests/Granit.Notifications.Brevo.Tests/Granit.Notifications.Brevo.Tests.csproj" />
    <Project Path="tests/Granit.Notifications.Email.AwsSes.Tests/Granit.Notifications.Email.AwsSes.Tests.csproj" />
    <Project Path="tests/Granit.Notifications.Email.AzureCommunicationServices.Tests/Granit.Notifications.Email.AzureCommunicationServices.Tests.csproj" />
    <Project Path="tests/Granit.Notifications.Email.Scaleway.Tests/Granit.Notifications.Email.Scaleway.Tests.csproj" />
    <Project Path="tests/Granit.Notifications.Email.SendGrid.Tests/Granit.Notifications.Email.SendGrid.Tests.csproj" />
    <Project Path="tests/Granit.Notifications.Email.Smtp.Tests/Granit.Notifications.Email.Smtp.Tests.csproj" />
    <Project Path="tests/Granit.Notifications.Email.Tests/Granit.Notifications.Email.Tests.csproj" />
    <Project Path="tests/Granit.Notifications.Endpoints.Tests/Granit.Notifications.Endpoints.Tests.csproj" />
    <Project Path="tests/Granit.Notifications.EntityFrameworkCore.Tests/Granit.Notifications.EntityFrameworkCore.Tests.csproj" />
    <Project Path="tests/Granit.Notifications.MobilePush.AwsSns.Tests/Granit.Notifications.MobilePush.AwsSns.Tests.csproj" />
    <Project Path="tests/Granit.Notifications.MobilePush.AzureNotificationHubs.Tests/Granit.Notifications.MobilePush.AzureNotificationHubs.Tests.csproj" />
    <Project Path="tests/Granit.Notifications.MobilePush.GoogleFcm.Tests/Granit.Notifications.MobilePush.GoogleFcm.Tests.csproj" />
    <Project Path="tests/Granit.Notifications.MobilePush.Tests/Granit.Notifications.MobilePush.Tests.csproj" />
    <Project Path="tests/Granit.Notifications.Privacy.Tests/Granit.Notifications.Privacy.Tests.csproj" />
    <Project Path="tests/Granit.Notifications.SignalR.Tests/Granit.Notifications.SignalR.Tests.csproj" />
    <Project Path="tests/Granit.Notifications.Sms.AwsSns.Tests/Granit.Notifications.Sms.AwsSns.Tests.csproj" />
    <Project Path="tests/Granit.Notifications.Sms.AzureCommunicationServices.Tests/Granit.Notifications.Sms.AzureCommunicationServices.Tests.csproj" />
    <Project Path="tests/Granit.Notifications.Sms.Tests/Granit.Notifications.Sms.Tests.csproj" />
    <Project Path="tests/Granit.Notifications.Sse.Tests/Granit.Notifications.Sse.Tests.csproj" />
    <Project Path="tests/Granit.Notifications.Tests/Granit.Notifications.Tests.csproj" />
    <Project Path="tests/Granit.Notifications.Twilio.Tests/Granit.Notifications.Twilio.Tests.csproj" />
    <Project Path="tests/Granit.Notifications.WebPush.Tests/Granit.Notifications.WebPush.Tests.csproj" />
    <Project Path="tests/Granit.Notifications.WhatsApp.Tests/Granit.Notifications.WhatsApp.Tests.csproj" />
    <Project Path="tests/Granit.Notifications.Wolverine.Tests/Granit.Notifications.Wolverine.Tests.csproj" />
    <Project Path="tests/Granit.Notifications.Zulip.Tests/Granit.Notifications.Zulip.Tests.csproj" />
  </Folder>
  <Folder Name="/tests/SaaS/">
    <Project Path="tests/Granit.Catalog.Endpoints.Tests/Granit.Catalog.Endpoints.Tests.csproj" />
    <Project Path="tests/Granit.Catalog.EntityFrameworkCore.Tests/Granit.Catalog.EntityFrameworkCore.Tests.csproj" />
    <Project Path="tests/Granit.Catalog.Tests/Granit.Catalog.Tests.csproj" />
    <Project Path="tests/Granit.CustomerBalance.BackgroundJobs.Tests/Granit.CustomerBalance.BackgroundJobs.Tests.csproj" />
    <Project Path="tests/Granit.CustomerBalance.Endpoints.Tests/Granit.CustomerBalance.Endpoints.Tests.csproj" />
    <Project Path="tests/Granit.CustomerBalance.EntityFrameworkCore.Tests/Granit.CustomerBalance.EntityFrameworkCore.Tests.csproj" />
    <Project Path="tests/Granit.CustomerBalance.EntityFrameworkCore.Tests.Integration/Granit.CustomerBalance.EntityFrameworkCore.Tests.Integration.csproj" />
    <Project Path="tests/Granit.CustomerBalance.Notifications.Tests/Granit.CustomerBalance.Notifications.Tests.csproj" />
    <Project Path="tests/Granit.CustomerBalance.Tests/Granit.CustomerBalance.Tests.csproj" />
    <Project Path="tests/Granit.Identity.Local.Notifications.Tests/Granit.Identity.Local.Notifications.Tests.csproj" />
    <Project Path="tests/Granit.Invoicing.Abstractions.Tests/Granit.Invoicing.Abstractions.Tests.csproj" />
    <Project Path="tests/Granit.Invoicing.BackgroundJobs.Tests/Granit.Invoicing.BackgroundJobs.Tests.csproj" />
    <Project Path="tests/Granit.Invoicing.Builtin.Tests/Granit.Invoicing.Builtin.Tests.csproj" />
    <Project Path="tests/Granit.Invoicing.Endpoints.Tests/Granit.Invoicing.Endpoints.Tests.csproj" />
    <Project Path="tests/Granit.Invoicing.EntityFrameworkCore.Tests/Granit.Invoicing.EntityFrameworkCore.Tests.csproj" />
    <Project Path="tests/Granit.Invoicing.EntityFrameworkCore.Tests.Integration/Granit.Invoicing.EntityFrameworkCore.Tests.Integration.csproj" />
    <Project Path="tests/Granit.Invoicing.Notifications.Tests/Granit.Invoicing.Notifications.Tests.csproj" />
    <Project Path="tests/Granit.Invoicing.Odoo.Tests/Granit.Invoicing.Odoo.Tests.csproj" />
    <Project Path="tests/Granit.Invoicing.Tests/Granit.Invoicing.Tests.csproj" />
    <Project Path="tests/Granit.Metering.Abstractions.Tests/Granit.Metering.Abstractions.Tests.csproj" />
    <Project Path="tests/Granit.Metering.BackgroundJobs.Tests/Granit.Metering.BackgroundJobs.Tests.csproj" />
    <Project Path="tests/Granit.Metering.Endpoints.Tests/Granit.Metering.Endpoints.Tests.csproj" />
    <Project Path="tests/Granit.Metering.EntityFrameworkCore.Tests/Granit.Metering.EntityFrameworkCore.Tests.csproj" />
    <Project Path="tests/Granit.Metering.Notifications.Tests/Granit.Metering.Notifications.Tests.csproj" />
    <Project Path="tests/Granit.Metering.Tests/Granit.Metering.Tests.csproj" />
    <Project Path="tests/Granit.Payments.Abstractions.Tests/Granit.Payments.Abstractions.Tests.csproj" />
    <Project Path="tests/Granit.Payments.Endpoints.Tests/Granit.Payments.Endpoints.Tests.csproj" />
    <Project Path="tests/Granit.Payments.EntityFrameworkCore.Tests/Granit.Payments.EntityFrameworkCore.Tests.csproj" />
    <Project Path="tests/Granit.Payments.Mollie.Tests/Granit.Payments.Mollie.Tests.csproj" />
    <Project Path="tests/Granit.Payments.Notifications.Tests/Granit.Payments.Notifications.Tests.csproj" />
    <Project Path="tests/Granit.Payments.SepaDirectDebit.Builtin.Tests/Granit.Payments.SepaDirectDebit.Builtin.Tests.csproj" />
    <Project Path="tests/Granit.Payments.SepaDirectDebit.GoCardless.Tests/Granit.Payments.SepaDirectDebit.GoCardless.Tests.csproj" />
    <Project Path="tests/Granit.Payments.SepaDirectDebit.Tests/Granit.Payments.SepaDirectDebit.Tests.csproj" />
    <Project Path="tests/Granit.Payments.SepaDirectDebit.Twikey.Tests/Granit.Payments.SepaDirectDebit.Twikey.Tests.csproj" />
    <Project Path="tests/Granit.Payments.SepaTransfer.Tests/Granit.Payments.SepaTransfer.Tests.csproj" />
    <Project Path="tests/Granit.Payments.Stripe.Tests/Granit.Payments.Stripe.Tests.csproj" />
    <Project Path="tests/Granit.Payments.Tests/Granit.Payments.Tests.csproj" />
    <Project Path="tests/Granit.Scheduling.BackgroundJobs.Tests/Granit.Scheduling.BackgroundJobs.Tests.csproj" />
    <Project Path="tests/Granit.Scheduling.Endpoints.Tests/Granit.Scheduling.Endpoints.Tests.csproj" />
    <Project Path="tests/Granit.Scheduling.EntityFrameworkCore.Tests/Granit.Scheduling.EntityFrameworkCore.Tests.csproj" />
    <Project Path="tests/Granit.Scheduling.Notifications.Tests/Granit.Scheduling.Notifications.Tests.csproj" />
    <Project Path="tests/Granit.Scheduling.Tests/Granit.Scheduling.Tests.csproj" />
    <Project Path="tests/Granit.Scheduling.Wolverine.Tests/Granit.Scheduling.Wolverine.Tests.csproj" />
    <Project Path="tests/Granit.Subscriptions.BackgroundJobs.Tests/Granit.Subscriptions.BackgroundJobs.Tests.csproj" />
    <Project Path="tests/Granit.Subscriptions.Builtin.Tests/Granit.Subscriptions.Builtin.Tests.csproj" />
    <Project Path="tests/Granit.Subscriptions.Endpoints.Tests/Granit.Subscriptions.Endpoints.Tests.csproj" />
    <Project Path="tests/Granit.Subscriptions.EntityFrameworkCore.Tests/Granit.Subscriptions.EntityFrameworkCore.Tests.csproj" />
    <Project Path="tests/Granit.Subscriptions.EntityFrameworkCore.Tests.Integration/Granit.Subscriptions.EntityFrameworkCore.Tests.Integration.csproj" />
    <Project Path="tests/Granit.Subscriptions.Features.Tests/Granit.Subscriptions.Features.Tests.csproj" />
    <Project Path="tests/Granit.Subscriptions.Notifications.Tests/Granit.Subscriptions.Notifications.Tests.csproj" />
    <Project Path="tests/Granit.Subscriptions.Tests/Granit.Subscriptions.Tests.csproj" />
    <Project Path="tests/Granit.Tax.Builtin.Tests/Granit.Tax.Builtin.Tests.csproj" />
    <Project Path="tests/Granit.Tax.Endpoints.Tests/Granit.Tax.Endpoints.Tests.csproj" />
    <Project Path="tests/Granit.Tax.EntityFrameworkCore.Tests/Granit.Tax.EntityFrameworkCore.Tests.csproj" />
    <Project Path="tests/Granit.Tax.Stripe.Tests/Granit.Tax.Stripe.Tests.csproj" />
    <Project Path="tests/Granit.Tax.Tests/Granit.Tax.Tests.csproj" />
  </Folder>
  <Folder Name="/tests/">
    <Project Path="tests/Granit.DataExchange.BlobStorage.Tests/Granit.DataExchange.BlobStorage.Tests.csproj" />
    <Project Path="tests/Granit.Identity.Local.AspNetIdentity.Tests.Integration/Granit.Identity.Local.AspNetIdentity.Tests.Integration.csproj" />
    <Project Path="tests/Granit.MultiTenancy.Provisioning.Tests/Granit.MultiTenancy.Provisioning.Tests.csproj" />
    <Project Path="tests/Granit.Parties.Abstractions.Tests/Granit.Parties.Abstractions.Tests.csproj" />
    <Project Path="tests/Granit.Parties.Deduplication.BackgroundJobs.Tests/Granit.Parties.Deduplication.BackgroundJobs.Tests.csproj" />
    <Project Path="tests/Granit.Parties.Deduplication.Tests/Granit.Parties.Deduplication.Tests.csproj" />
    <Project Path="tests/Granit.Parties.Endpoints.Tests/Granit.Parties.Endpoints.Tests.csproj" />
    <Project Path="tests/Granit.Parties.EntityFrameworkCore.Tests/Granit.Parties.EntityFrameworkCore.Tests.csproj" />
    <Project Path="tests/Granit.Parties.Identity.Tests/Granit.Parties.Identity.Tests.csproj" />
    <Project Path="tests/Granit.Parties.Mergeable.Tests/Granit.Parties.Mergeable.Tests.csproj" />
    <Project Path="tests/Granit.Parties.Mergeable.Tests.Integration/Granit.Parties.Mergeable.Tests.Integration.csproj" />
    <Project Path="tests/Granit.Parties.MultiTenancy.Tests/Granit.Parties.MultiTenancy.Tests.csproj" />
    <Project Path="tests/Granit.Parties.Privacy.Tests/Granit.Parties.Privacy.Tests.csproj" />
    <Project Path="tests/Granit.Parties.Tests/Granit.Parties.Tests.csproj" />
    <Project Path="tests/Granit.Wolverine.Encryption.Tests/Granit.Wolverine.Encryption.Tests.csproj" />
  </Folder>
  <Folder Name="/tests/AI/">
    <Project Path="tests/Granit.AI.AzureOpenAI.Tests/Granit.AI.AzureOpenAI.Tests.csproj" />
    <Project Path="tests/Granit.AI.Endpoints.Tests/Granit.AI.Endpoints.Tests.csproj" />
    <Project Path="tests/Granit.AI.EntityFrameworkCore.Tests/Granit.AI.EntityFrameworkCore.Tests.csproj" />
    <Project Path="tests/Granit.AI.Extraction.Tests/Granit.AI.Extraction.Tests.csproj" />
    <Project Path="tests/Granit.AI.Mcp.Tests/Granit.AI.Mcp.Tests.csproj" />
    <Project Path="tests/Granit.AI.Ollama.Tests/Granit.AI.Ollama.Tests.csproj" />
    <Project Path="tests/Granit.AI.OpenAI.Tests/Granit.AI.OpenAI.Tests.csproj" />
    <Project Path="tests/Granit.AI.Tests/Granit.AI.Tests.csproj" />
    <Project Path="tests/Granit.AI.VectorData.Tests/Granit.AI.VectorData.Tests.csproj" />
  </Folder>
  <Folder Name="/tests/Tooling/">
    <Project Path="tests/Granit.Analyzers.CodeFixes.Tests/Granit.Analyzers.CodeFixes.Tests.csproj" />
    <Project Path="tests/Granit.Analyzers.Tests/Granit.Analyzers.Tests.csproj" />
    <Project Path="tests/Granit.Testing.EntityFrameworkCore.Tests/Granit.Testing.EntityFrameworkCore.Tests.csproj" />
    <Project Path="tests/Granit.Testing.Tests/Granit.Testing.Tests.csproj" />
  </Folder>
  <Folder Name="/tests/Architecture Tests/">
    <Project Path="tests/Granit.ArchitectureTests.Abstractions/Granit.ArchitectureTests.Abstractions.csproj" />
    <Project Path="tests/Granit.ArchitectureTests/Granit.ArchitectureTests.csproj" />
  </Folder>
</Solution>
