{
  "version": 2,
  "dependencies": {
    "net10.0": {
      "Microsoft.CodeAnalysis.BannedApiAnalyzers": {
        "type": "Direct",
        "requested": "[3.*, )",
        "resolved": "3.3.4",
        "contentHash": "0k2Jwpc8eq0hjOtX6TxRkHm9clkJ2PAQ3heEHgqIJZcsfdFosC/iyz18nsgTVDDWpID80rC7aiYK7ripx+Qndg=="
      },
      "Microsoft.Extensions.Configuration": {
        "type": "Transitive",
        "resolved": "10.0.7",
        "contentHash": "wZbGh7J8R1vXN525O6d8dlcDTxhRTnd5MyW4LdfP5S0tSnTwTCseYSrq6g0Mxh7W9xn8P/2xPuf0D/m6k2dy2w==",
        "dependencies": {
          "Microsoft.Extensions.Configuration.Abstractions": "10.0.7",
          "Microsoft.Extensions.Primitives": "10.0.7"
        }
      },
      "Microsoft.Extensions.Configuration.Abstractions": {
        "type": "Transitive",
        "resolved": "10.0.7",
        "contentHash": "t56nEgvECcyLPojZIUFWJknQQDAbgfTf9J+QMYJE1YYvVgz69vN6B/AKL8Grvj3Lcnp8kTpNqwmwFhb3YLJmtQ==",
        "dependencies": {
          "Microsoft.Extensions.Primitives": "10.0.7"
        }
      },
      "Microsoft.Extensions.Diagnostics.Abstractions": {
        "type": "Transitive",
        "resolved": "10.0.7",
        "contentHash": "uJ9JP677y+uy+C0vtaSfi7XXgFAdz8DhU3M9lwwIXDfQKcyQ0yxM9DVYa0NXDtdVTYA2eBUtVFZ8LY0GCdeE/w==",
        "dependencies": {
          "Microsoft.Extensions.DependencyInjection.Abstractions": "10.0.7",
          "Microsoft.Extensions.Options": "10.0.7"
        }
      },
      "Microsoft.Extensions.FileProviders.Abstractions": {
        "type": "Transitive",
        "resolved": "10.0.7",
        "contentHash": "teioDgVpi8L186wUfrXQV1YuBt6lCSPmFZiMZo53+FZxHFjOV+f4GXo4LXgJ273Mku9//AdXWVjk9J7eJP6inw==",
        "dependencies": {
          "Microsoft.Extensions.Primitives": "10.0.7"
        }
      },
      "Microsoft.Extensions.Primitives": {
        "type": "Transitive",
        "resolved": "10.0.7",
        "contentHash": "D5M0Jr551iTgwkZMN9rm0pSkgNLj5quUWQUmQPMZh7k/bnvZTnXRGfE2KuvXf1EEjt/ofD9yw9IumpgdP9QCnw=="
      },
      "ZString": {
        "type": "Transitive",
        "resolved": "2.6.0",
        "contentHash": "XE8a+11nZg0LRaf+RGABEWaHIf8yGd5w8v/Ra1iWxMBmAVzwuKbW7G21mS0U7w7sh1lYcgckInWGgnz4qyET8A=="
      },
      "granit": {
        "type": "Project"
      },
      "granit.analytics": {
        "type": "Project",
        "dependencies": {
          "Granit": "[0.1.0-dev, )",
          "Granit.Analytics.Abstractions": "[0.1.0-dev, )",
          "Granit.Dashboards": "[0.1.0-dev, )",
          "Granit.QueryEngine.Abstractions": "[0.1.0-dev, )",
          "Granit.Timing": "[0.1.0-dev, )"
        }
      },
      "granit.analytics.abstractions": {
        "type": "Project",
        "dependencies": {
          "Granit": "[0.1.0-dev, )"
        }
      },
      "granit.authorization": {
        "type": "Project",
        "dependencies": {
          "Granit.Caching": "[0.1.0-dev, )",
          "Granit.DataExchange.Abstractions": "[0.1.0-dev, )",
          "Granit.Entities.Abstractions": "[0.1.0-dev, )",
          "Granit.QueryEngine.Abstractions": "[0.1.0-dev, )"
        }
      },
      "granit.blobstorage": {
        "type": "Project",
        "dependencies": {
          "Granit": "[0.1.0-dev, )",
          "Granit.Analytics": "[0.1.0-dev, )",
          "Granit.DataExchange.Abstractions": "[0.1.0-dev, )",
          "Granit.Guids": "[0.1.0-dev, )",
          "Granit.QueryEngine.Abstractions": "[0.1.0-dev, )",
          "Microsoft.Extensions.Hosting.Abstractions": "[10.*, )",
          "Microsoft.Extensions.Options": "[10.*, )",
          "Microsoft.Extensions.Options.ConfigurationExtensions": "[10.*, )"
        }
      },
      "granit.caching": {
        "type": "Project",
        "dependencies": {
          "Granit": "[0.1.0-dev, )",
          "Granit.Timing": "[0.1.0-dev, )",
          "Microsoft.Extensions.Caching.Abstractions": "[10.*, )",
          "Microsoft.Extensions.Caching.Memory": "[10.*, )",
          "Microsoft.Extensions.Configuration.Binder": "[10.*, )",
          "Microsoft.Extensions.DependencyInjection.Abstractions": "[10.*, )",
          "Microsoft.Extensions.Options": "[10.*, )",
          "Microsoft.Extensions.Options.ConfigurationExtensions": "[10.*, )",
          "OpenTelemetry.Api": "[1.15.*, )",
          "ZiggyCreatures.FusionCache": "[2.*, )",
          "ZiggyCreatures.FusionCache.OpenTelemetry": "[2.*, )",
          "ZiggyCreatures.FusionCache.Serialization.SystemTextJson": "[2.*, )"
        }
      },
      "granit.dashboards": {
        "type": "Project",
        "dependencies": {
          "Granit": "[0.1.0-dev, )",
          "Granit.Analytics.Abstractions": "[0.1.0-dev, )",
          "Granit.Authorization": "[0.1.0-dev, )",
          "Granit.Dashboards.Abstractions": "[0.1.0-dev, )",
          "Granit.Timing": "[0.1.0-dev, )",
          "Microsoft.Extensions.Logging.Abstractions": "[10.*, )"
        }
      },
      "granit.dashboards.abstractions": {
        "type": "Project",
        "dependencies": {
          "Granit": "[0.1.0-dev, )",
          "Granit.Analytics.Abstractions": "[0.1.0-dev, )",
          "Granit.QueryEngine.Abstractions": "[0.1.0-dev, )"
        }
      },
      "granit.dataexchange.abstractions": {
        "type": "Project",
        "dependencies": {
          "Granit": "[0.1.0-dev, )"
        }
      },
      "granit.datalookup.abstractions": {
        "type": "Project",
        "dependencies": {
          "Granit": "[0.1.0-dev, )"
        }
      },
      "granit.encryption": {
        "type": "Project",
        "dependencies": {
          "Granit": "[0.1.0-dev, )",
          "Microsoft.Extensions.DependencyInjection.Abstractions": "[10.*, )",
          "Microsoft.Extensions.Hosting.Abstractions": "[10.*, )",
          "Microsoft.Extensions.Options": "[10.*, )",
          "Microsoft.Extensions.Options.ConfigurationExtensions": "[10.*, )"
        }
      },
      "granit.entities.abstractions": {
        "type": "Project",
        "dependencies": {
          "Granit": "[0.1.0-dev, )",
          "Granit.Analytics.Abstractions": "[0.1.0-dev, )",
          "Granit.Dashboards.Abstractions": "[0.1.0-dev, )",
          "Granit.DataExchange.Abstractions": "[0.1.0-dev, )",
          "Granit.QueryEngine.Abstractions": "[0.1.0-dev, )",
          "Granit.Workflow.Abstractions": "[0.1.0-dev, )"
        }
      },
      "granit.events": {
        "type": "Project",
        "dependencies": {
          "Granit": "[0.1.0-dev, )",
          "Microsoft.Extensions.DependencyInjection.Abstractions": "[10.*, )",
          "Microsoft.Extensions.Logging.Abstractions": "[10.*, )"
        }
      },
      "granit.guids": {
        "type": "Project",
        "dependencies": {
          "Granit.Timing": "[0.1.0-dev, )",
          "Microsoft.Extensions.DependencyInjection.Abstractions": "[10.*, )",
          "Microsoft.Extensions.Options": "[10.*, )"
        }
      },
      "granit.localization": {
        "type": "Project",
        "dependencies": {
          "Granit": "[0.1.0-dev, )",
          "Granit.Caching": "[0.1.0-dev, )",
          "Granit.DataExchange.Abstractions": "[0.1.0-dev, )",
          "Granit.QueryEngine.Abstractions": "[0.1.0-dev, )",
          "Microsoft.Extensions.Localization": "[10.*, )",
          "Microsoft.Extensions.Options": "[10.*, )",
          "SmartFormat": "[3.*, )"
        }
      },
      "granit.notifications": {
        "type": "Project",
        "dependencies": {
          "Granit.Analytics": "[0.1.0-dev, )",
          "Granit.DataExchange.Abstractions": "[0.1.0-dev, )",
          "Granit.Encryption": "[0.1.0-dev, )",
          "Granit.Guids": "[0.1.0-dev, )",
          "Granit.Localization": "[0.1.0-dev, )",
          "Granit.Notifications.Abstractions": "[0.1.0-dev, )",
          "Granit.QueryEngine.Abstractions": "[0.1.0-dev, )",
          "Granit.Timing": "[0.1.0-dev, )",
          "Microsoft.Extensions.Configuration.Binder": "[10.*, )",
          "Microsoft.Extensions.Hosting.Abstractions": "[10.*, )",
          "Microsoft.Extensions.Options": "[10.*, )",
          "Microsoft.Extensions.Options.ConfigurationExtensions": "[10.*, )"
        }
      },
      "granit.notifications.abstractions": {
        "type": "Project",
        "dependencies": {
          "Granit": "[0.1.0-dev, )",
          "Granit.QueryEngine.Abstractions": "[0.1.0-dev, )"
        }
      },
      "granit.privacy": {
        "type": "Project",
        "dependencies": {
          "Granit": "[0.1.0-dev, )",
          "Granit.Settings": "[0.1.0-dev, )",
          "Granit.Workflow": "[0.1.0-dev, )"
        }
      },
      "granit.privacy.blobstorage": {
        "type": "Project",
        "dependencies": {
          "Granit.BlobStorage": "[0.1.0-dev, )",
          "Granit.Privacy": "[0.1.0-dev, )"
        }
      },
      "granit.queryengine.abstractions": {
        "type": "Project",
        "dependencies": {
          "Granit": "[0.1.0-dev, )",
          "Granit.DataLookup.Abstractions": "[0.1.0-dev, )"
        }
      },
      "granit.settings": {
        "type": "Project",
        "dependencies": {
          "Granit.Caching": "[0.1.0-dev, )",
          "Granit.DataExchange.Abstractions": "[0.1.0-dev, )",
          "Granit.Encryption": "[0.1.0-dev, )",
          "Granit.Events": "[0.1.0-dev, )",
          "Granit.QueryEngine.Abstractions": "[0.1.0-dev, )"
        }
      },
      "granit.timing": {
        "type": "Project",
        "dependencies": {
          "Granit": "[0.1.0-dev, )",
          "Microsoft.Extensions.DependencyInjection.Abstractions": "[10.*, )",
          "Microsoft.Extensions.Options": "[10.*, )"
        }
      },
      "granit.workflow": {
        "type": "Project",
        "dependencies": {
          "Granit.DataExchange.Abstractions": "[0.1.0-dev, )",
          "Granit.QueryEngine.Abstractions": "[0.1.0-dev, )",
          "Granit.Timing": "[0.1.0-dev, )",
          "Granit.Workflow.Abstractions": "[0.1.0-dev, )",
          "Microsoft.Extensions.DependencyInjection.Abstractions": "[10.*, )"
        }
      },
      "granit.workflow.abstractions": {
        "type": "Project",
        "dependencies": {
          "Granit": "[0.1.0-dev, )"
        }
      },
      "Microsoft.Extensions.Caching.Abstractions": {
        "type": "CentralTransitive",
        "requested": "[10.*, )",
        "resolved": "10.0.7",
        "contentHash": "pUDgQKEqNUFlerDIFRg7zzoDVRPEWIG7nR40h8Gzg8RXza4Ry0lWZ7u91bmwu3iUDCxw3Dv6TLHVFoAgY0gy7Q==",
        "dependencies": {
          "Microsoft.Extensions.Primitives": "10.0.7"
        }
      },
      "Microsoft.Extensions.Caching.Memory": {
        "type": "CentralTransitive",
        "requested": "[10.*, )",
        "resolved": "10.0.7",
        "contentHash": "6eULH/sc97yfCEV31g7AgUzHc7dIm0DGBcofoE8GgBaXbdAPPhathN8rYcgi1TSiG1QucCdqKiVNaDEPAEXL5Q==",
        "dependencies": {
          "Microsoft.Extensions.Caching.Abstractions": "10.0.7",
          "Microsoft.Extensions.DependencyInjection.Abstractions": "10.0.7",
          "Microsoft.Extensions.Logging.Abstractions": "10.0.7",
          "Microsoft.Extensions.Options": "10.0.7",
          "Microsoft.Extensions.Primitives": "10.0.7"
        }
      },
      "Microsoft.Extensions.Configuration.Binder": {
        "type": "CentralTransitive",
        "requested": "[10.*, )",
        "resolved": "10.0.7",
        "contentHash": "8bS1qIaRivny+WX+49pmeJ6iAylbtX8C0DLEcCQWZjdxQvLqaMssXiGD9P/6pYElrHbK5/nAHmjbQ8STqdMYeg==",
        "dependencies": {
          "Microsoft.Extensions.Configuration": "10.0.7",
          "Microsoft.Extensions.Configuration.Abstractions": "10.0.7"
        }
      },
      "Microsoft.Extensions.DependencyInjection.Abstractions": {
        "type": "CentralTransitive",
        "requested": "[10.*, )",
        "resolved": "10.0.7",
        "contentHash": "Z6mfFEaFcwCfSboxJwOLfu7/31npCY9q70WUamHW/vRQhDvBKOT4Vf9YkZj5J6hLvJpb0oDEYfHunQZj0xxvKw=="
      },
      "Microsoft.Extensions.Hosting.Abstractions": {
        "type": "CentralTransitive",
        "requested": "[10.*, )",
        "resolved": "10.0.7",
        "contentHash": "5s8d6qC6EA8UOI4wR/+zlsq7SXttJMRb9d7zvVZ7+bE3CQEfVtC9ITUDCommm87R1zzj6WJBbCnztuIJXnP3DA==",
        "dependencies": {
          "Microsoft.Extensions.Configuration.Abstractions": "10.0.7",
          "Microsoft.Extensions.DependencyInjection.Abstractions": "10.0.7",
          "Microsoft.Extensions.Diagnostics.Abstractions": "10.0.7",
          "Microsoft.Extensions.FileProviders.Abstractions": "10.0.7",
          "Microsoft.Extensions.Logging.Abstractions": "10.0.7"
        }
      },
      "Microsoft.Extensions.Localization": {
        "type": "CentralTransitive",
        "requested": "[10.*, )",
        "resolved": "10.0.7",
        "contentHash": "xUtyqnk0KSTrX1VZ7z++UlNcVqUQAlKgg2/NqTxmQbW9A26Ia3Zvkd1pIX71koue5F8FtV5pCZqsOlJOycvxMA==",
        "dependencies": {
          "Microsoft.Extensions.DependencyInjection.Abstractions": "10.0.7",
          "Microsoft.Extensions.Localization.Abstractions": "10.0.7",
          "Microsoft.Extensions.Logging.Abstractions": "10.0.7",
          "Microsoft.Extensions.Options": "10.0.7"
        }
      },
      "Microsoft.Extensions.Localization.Abstractions": {
        "type": "CentralTransitive",
        "requested": "[10.*, )",
        "resolved": "10.0.7",
        "contentHash": "UziyuPCVpRb0PJALYU3enqnYVvyIpdOpfe+DQca81aii1iQTeuxCroaCcOwJpzWUdKBusK9W/9s2G8Zrn+jIXQ=="
      },
      "Microsoft.Extensions.Logging.Abstractions": {
        "type": "CentralTransitive",
        "requested": "[10.*, )",
        "resolved": "10.0.7",
        "contentHash": "tIEcQ2gvERrH2KiCjdsVcHGhXt9lIsuDStfOIeZWr7/fP8IXhGiYfx0/80PNI7WPO2IYuFtlZLSlnTS8+/Mchw==",
        "dependencies": {
          "Microsoft.Extensions.DependencyInjection.Abstractions": "10.0.7"
        }
      },
      "Microsoft.Extensions.Options": {
        "type": "CentralTransitive",
        "requested": "[10.*, )",
        "resolved": "10.0.7",
        "contentHash": "00SHUGTh2jSMvIr6x9Xwd2nE+B5/qFCO/9hDwUDhJsjYRDlADmaBZ7tqehXzBDsfjHSXJzuRHJzPYPPjphBQ7Q==",
        "dependencies": {
          "Microsoft.Extensions.DependencyInjection.Abstractions": "10.0.7",
          "Microsoft.Extensions.Primitives": "10.0.7"
        }
      },
      "Microsoft.Extensions.Options.ConfigurationExtensions": {
        "type": "CentralTransitive",
        "requested": "[10.*, )",
        "resolved": "10.0.7",
        "contentHash": "IT7f+EMXZtkjatEcF+o6aOw/7OE4etRrMiDGEWH/iiTu2R3uhC4NEQJCfHiibtX45U3sIQ5Fh6tbb1qaOz3YAg==",
        "dependencies": {
          "Microsoft.Extensions.Configuration.Abstractions": "10.0.7",
          "Microsoft.Extensions.Configuration.Binder": "10.0.7",
          "Microsoft.Extensions.DependencyInjection.Abstractions": "10.0.7",
          "Microsoft.Extensions.Options": "10.0.7",
          "Microsoft.Extensions.Primitives": "10.0.7"
        }
      },
      "OpenTelemetry.Api": {
        "type": "CentralTransitive",
        "requested": "[1.15.*, )",
        "resolved": "1.15.3",
        "contentHash": "fX+fkCysfPut+qCcT3bKqyX4QN9Saf4CgX8HLOHywEVD+Xr7sULtfuypITpoDysjx8R59dn/3mWhgimMH8cm/g=="
      },
      "SmartFormat": {
        "type": "CentralTransitive",
        "requested": "[3.*, )",
        "resolved": "3.6.1",
        "contentHash": "URa4c3DJcP8B+WNK3jd1AyuBAXmyRKEwTifzJOLeZ9Vud5PcQTGzBG5XkyhebD4tYj+VdyHwwjeBtgwJSIig9A==",
        "dependencies": {
          "ZString": "2.6.0"
        }
      },
      "ZiggyCreatures.FusionCache": {
        "type": "CentralTransitive",
        "requested": "[2.*, )",
        "resolved": "2.6.0",
        "contentHash": "BCe+/SkwQZfaMpq2ZGDZB2pyx6BdGnP+zxqjMM/5K+4PBuH6hljZeIqH4KVzQ26khSbPsQ7IiYZl0Fve4OZOog==",
        "dependencies": {
          "Microsoft.Extensions.Caching.Memory": "10.0.1"
        }
      },
      "ZiggyCreatures.FusionCache.OpenTelemetry": {
        "type": "CentralTransitive",
        "requested": "[2.*, )",
        "resolved": "2.6.0",
        "contentHash": "q917DogvL6Y9GamCLz6n/diC56sWUI3rvIuoZsqW7fyw7toWjcVDtSs/5mN8Weafbaj86RQSV5Q5Ysrm1ueJKQ==",
        "dependencies": {
          "OpenTelemetry.Api": "1.14.0",
          "ZiggyCreatures.FusionCache": "2.6.0"
        }
      },
      "ZiggyCreatures.FusionCache.Serialization.SystemTextJson": {
        "type": "CentralTransitive",
        "requested": "[2.*, )",
        "resolved": "2.6.0",
        "contentHash": "A00mNC7xrkC8LUAQMkeB3OtVTfGzyTyHxTgAOwfqaFdazO/54d3fT8LFoekpgSslkvDjKAIPlyafqsFBPLgQIw==",
        "dependencies": {
          "ZiggyCreatures.FusionCache": "2.6.0"
        }
      }
    }
  }
}